{
  "object": {
    "pins": [
      {
        "package": "AppCenter",
        "repositoryURL": "https://github.com/microsoft/appcenter-sdk-apple.git",
        "state": {
          "branch": null,
          "revision": "b84bc8a39ff04bc8d5ae7b4d230c171c562891aa",
          "version": "4.4.1"
        }
      },
      {
        "package": "Socket",
        "repositoryURL": "https://github.com/IBM-Swift/BlueSocket.git",
        "state": {
          "branch": null,
          "revision": "dd924c3bc2c1c144c42b8dda3896f1a03115ded4",
          "version": "2.0.2"
        }
      },
      {
        "package": "PLCrashReporter",
        "repositoryURL": "https://github.com/microsoft/PLCrashReporter.git",
        "state": {
          "branch": null,
          "revision": "6b27393cad517c067dceea85fadf050e70c4ceaa",
          "version": "1.10.1"
        }
      },
      {
        "package": "swift-argument-parser",
        "repositoryURL": "https://github.com/apple/swift-argument-parser",
        "state": {
          "branch": null,
          "revision": "6b2aa2748a7881eebb9f84fb10c01293e15b52ca",
          "version": "0.5.0"
        }
      },
      {
        "package": "SwordRPC",
        "repositoryURL": "https://github.com/SuperMarcus/SwordRPC",
        "state": {
          "branch": null,
          "revision": "2fdbaff6a8fe6823bf1fce50790e8f7762eaa729",
          "version": null
        }
      },
      {
        "package": "ViewAnimator",
        "repositoryURL": "https://github.com/marcosgriselli/ViewAnimator",
        "state": {
          "branch": null,
          "revision": "55f1c46241b181c3e0b68d70edb6d87926c7d183",
          "version": "3.1.0"
        }
      }
    ]
  },
  "version": 1
}
