// !$*UTF8*$!
{
	archiveVersion = 1;
	classes = {
	};
	objectVersion = 50;
	objects = {

/* Begin PBXBuildFile section */
		2C12EDCD21BDD4930064D2BD /* PlaybackMedia.swift in Sources */ = {isa = PBXBuildFile; fileRef = 2C12EDCC21BDD4930064D2BD /* PlaybackMedia.swift */; };
		2C12EDD221BDDF320064D2BD /* Result.framework in Frameworks */ = {isa = PBXBuildFile; fileRef = 2C12EDCE21BDDF320064D2BD /* Result.framework */; };
		2C12EDD321BDDF320064D2BD /* SwiftProtobuf.framework in Frameworks */ = {isa = PBXBuildFile; fileRef = 2C12EDCF21BDDF320064D2BD /* SwiftProtobuf.framework */; };
		2C12EDD421BDDF320064D2BD /* SwiftyJSON.framework in Frameworks */ = {isa = PBXBuildFile; fileRef = 2C12EDD021BDDF320064D2BD /* SwiftyJSON.framework */; };
		2C12EDD521BDDF320064D2BD /* OpenCastSwift.framework in Frameworks */ = {isa = PBXBuildFile; fileRef = 2C12EDD121BDDF320064D2BD /* OpenCastSwift.framework */; };
		2C12EDDB21BDE6B20064D2BD /* HalfFillViewControllerProtocol.swift in Sources */ = {isa = PBXBuildFile; fileRef = 2C12EDD721BDE6B20064D2BD /* HalfFillViewControllerProtocol.swift */; };
		2C12EDDC21BDE6B20064D2BD /* HalfFillPresentationController.swift in Sources */ = {isa = PBXBuildFile; fileRef = 2C12EDD821BDE6B20064D2BD /* HalfFillPresentationController.swift */; };
		2C12EDDD21BDE6B20064D2BD /* HalfFillTransitionAnimator.swift in Sources */ = {isa = PBXBuildFile; fileRef = 2C12EDD921BDE6B20064D2BD /* HalfFillTransitionAnimator.swift */; };
		2C12EDDE21BDE6B20064D2BD /* HalfFillTransitionDelegate.swift in Sources */ = {isa = PBXBuildFile; fileRef = 2C12EDDA21BDE6B20064D2BD /* HalfFillTransitionDelegate.swift */; };
		2C12EDE021BDE7960064D2BD /* ApplicationNavigationController.swift in Sources */ = {isa = PBXBuildFile; fileRef = 2C12EDDF21BDE7960064D2BD /* ApplicationNavigationController.swift */; };
		2C12EDE321BDE9230064D2BD /* GoogleCastMediaControl.storyboard in Resources */ = {isa = PBXBuildFile; fileRef = 2C12EDE121BDE9230064D2BD /* GoogleCastMediaControl.storyboard */; };
		2C12EDE521BDE9DB0064D2BD /* GoogleCastMediaPlaybackViewController.swift in Sources */ = {isa = PBXBuildFile; fileRef = 2C12EDE421BDE9DB0064D2BD /* GoogleCastMediaPlaybackViewController.swift */; };
		2C12EDE721BDFFFF0064D2BD /* CastController.swift in Sources */ = {isa = PBXBuildFile; fileRef = 2C12EDE621BDFFFF0064D2BD /* CastController.swift */; };
		2C12EDE921BE13920064D2BD /* GoogleCastDeviceTableViewCell.swift in Sources */ = {isa = PBXBuildFile; fileRef = 2C12EDE821BE13920064D2BD /* GoogleCastDeviceTableViewCell.swift */; };
		2C17E08921D7D67000E3FD1F /* UnavailableTableViewCell.swift in Sources */ = {isa = PBXBuildFile; fileRef = 2C17E08821D7D67000E3FD1F /* UnavailableTableViewCell.swift */; };
		2C3545A521DA84F500321B18 /* NotificationManager.swift in Sources */ = {isa = PBXBuildFile; fileRef = 2C3545A421DA84F500321B18 /* NotificationManager.swift */; };
		2C4ABC5421B5881E009B4D47 /* AppDelegate.swift in Sources */ = {isa = PBXBuildFile; fileRef = 2C4ABC5321B5881E009B4D47 /* AppDelegate.swift */; };
		2C4ABC5921B5881E009B4D47 /* Main.storyboard in Resources */ = {isa = PBXBuildFile; fileRef = 2C4ABC5721B5881E009B4D47 /* Main.storyboard */; };
		2C4ABC5B21B5881F009B4D47 /* Assets.xcassets in Resources */ = {isa = PBXBuildFile; fileRef = 2C4ABC5A21B5881F009B4D47 /* Assets.xcassets */; };
		2C4ABC5E21B5881F009B4D47 /* LaunchScreen.storyboard in Resources */ = {isa = PBXBuildFile; fileRef = 2C4ABC5C21B5881F009B4D47 /* LaunchScreen.storyboard */; };
		2C4ABC6921B5881F009B4D47 /* NineAnimatorUITests.swift in Sources */ = {isa = PBXBuildFile; fileRef = 2C4ABC6821B5881F009B4D47 /* NineAnimatorUITests.swift */; };
		2C4ABC7521B599A2009B4D47 /* FeaturedViewController.swift in Sources */ = {isa = PBXBuildFile; fileRef = 2C4ABC7421B599A2009B4D47 /* FeaturedViewController.swift */; };
		2C4ABC7921B59CC8009B4D47 /* NineAnimator.swift in Sources */ = {isa = PBXBuildFile; fileRef = 2C4ABC7821B59CC8009B4D47 /* NineAnimator.swift */; };
		2C4ABC7D21B6B3F2009B4D47 /* FeaturedAnimeTableViewCell.swift in Sources */ = {isa = PBXBuildFile; fileRef = 2C4ABC7C21B6B3F2009B4D47 /* FeaturedAnimeTableViewCell.swift */; };
		2C4ABC7F21B6D69E009B4D47 /* UIView+BackgroundShadow.swift in Sources */ = {isa = PBXBuildFile; fileRef = 2C4ABC7E21B6D69E009B4D47 /* UIView+BackgroundShadow.swift */; };
		2C4ABC8321B7401B009B4D47 /* AnimeLink.swift in Sources */ = {isa = PBXBuildFile; fileRef = 2C4ABC8221B7401B009B4D47 /* AnimeLink.swift */; };
		2C4ABC8521B74A51009B4D47 /* Featured.swift in Sources */ = {isa = PBXBuildFile; fileRef = 2C4ABC8421B74A51009B4D47 /* Featured.swift */; };
		2C4ABC8821B753DD009B4D47 /* String+IntegerRangeSubstring.swift in Sources */ = {isa = PBXBuildFile; fileRef = 2C4ABC8721B753DD009B4D47 /* String+IntegerRangeSubstring.swift */; };
		2C4ABC8E21B76010009B4D47 /* AnimePlayer.storyboard in Resources */ = {isa = PBXBuildFile; fileRef = 2C4ABC8C21B76010009B4D47 /* AnimePlayer.storyboard */; };
		2C4ABC9021B76941009B4D47 /* RecentlyUpdatedAnimeTableViewCell.swift in Sources */ = {isa = PBXBuildFile; fileRef = 2C4ABC8F21B76941009B4D47 /* RecentlyUpdatedAnimeTableViewCell.swift */; };
		2C4ABC9521B7F53F009B4D47 /* Kingfisher.framework in Frameworks */ = {isa = PBXBuildFile; fileRef = 2C4ABC9421B7F53F009B4D47 /* Kingfisher.framework */; };
		2C4ABC9821B825A5009B4D47 /* AnimeViewController.swift in Sources */ = {isa = PBXBuildFile; fileRef = 2C4ABC9721B825A5009B4D47 /* AnimeViewController.swift */; };
		2C4ABC9A21B88F8C009B4D47 /* Anime.swift in Sources */ = {isa = PBXBuildFile; fileRef = 2C4ABC9921B88F8C009B4D47 /* Anime.swift */; };
		2C4ABC9C21B8942D009B4D47 /* Alamofire.framework in Frameworks */ = {isa = PBXBuildFile; fileRef = 2C4ABC9B21B8942D009B4D47 /* Alamofire.framework */; };
		2C4ABC9E21B8CA83009B4D47 /* SwiftSoup.framework in Frameworks */ = {isa = PBXBuildFile; fileRef = 2C4ABC9D21B8CA83009B4D47 /* SwiftSoup.framework */; };
		2C646F8A21C3125A00957A72 /* Mp4UploadParser.swift in Sources */ = {isa = PBXBuildFile; fileRef = 2C646F8921C3125A00957A72 /* Mp4UploadParser.swift */; };
		2C646F8C21C3245B00957A72 /* TiwiKiwiParser.swift in Sources */ = {isa = PBXBuildFile; fileRef = 2C646F8B21C3245B00957A72 /* TiwiKiwiParser.swift */; };
		2C66779821BC2213000E5ACC /* SearchViewController.swift in Sources */ = {isa = PBXBuildFile; fileRef = 2C66779721BC2213000E5ACC /* SearchViewController.swift */; };
		2C66779A21BC2671000E5ACC /* SearchResultViewController.swift in Sources */ = {isa = PBXBuildFile; fileRef = 2C66779921BC2671000E5ACC /* SearchResultViewController.swift */; };
		2C66779C21BC294D000E5ACC /* SimpleAnimeTableViewCell.swift in Sources */ = {isa = PBXBuildFile; fileRef = 2C66779B21BC294D000E5ACC /* SimpleAnimeTableViewCell.swift */; };
		2C66779E21BC36A5000E5ACC /* Search.swift in Sources */ = {isa = PBXBuildFile; fileRef = 2C66779D21BC36A5000E5ACC /* Search.swift */; };
		2C6677A021BC4664000E5ACC /* AnimeSearchResultTableViewCell.swift in Sources */ = {isa = PBXBuildFile; fileRef = 2C66779F21BC4663000E5ACC /* AnimeSearchResultTableViewCell.swift */; };
		2C6677AA21BD5F22000E5ACC /* RecentlyViewedTableViewController.swift in Sources */ = {isa = PBXBuildFile; fileRef = 2C6677A921BD5F22000E5ACC /* RecentlyViewedTableViewController.swift */; };
		2C6677AC21BD5FE0000E5ACC /* NineAnimatorUser.swift in Sources */ = {isa = PBXBuildFile; fileRef = 2C6677AB21BD5FE0000E5ACC /* NineAnimatorUser.swift */; };
		2C6677B021BD6DFE000E5ACC /* LastViewedEpisodeTableViewCell.swift in Sources */ = {isa = PBXBuildFile; fileRef = 2C6677AF21BD6DFE000E5ACC /* LastViewedEpisodeTableViewCell.swift */; };
		2C6677B221BD846A000E5ACC /* CMTime.swift in Sources */ = {isa = PBXBuildFile; fileRef = 2C6677B121BD846A000E5ACC /* CMTime.swift */; };
		2C6677B421BD8770000E5ACC /* EpisodeAccessoryProcessIndicator.swift in Sources */ = {isa = PBXBuildFile; fileRef = 2C6677B321BD8770000E5ACC /* EpisodeAccessoryProcessIndicator.swift */; };
		2C6677B621BD8FA1000E5ACC /* SearchNoResultsTableViewCell.swift in Sources */ = {isa = PBXBuildFile; fileRef = 2C6677B521BD8FA1000E5ACC /* SearchNoResultsTableViewCell.swift */; };
		2C6677B921BD9C2A000E5ACC /* RecentlyWatchedAnimeTableViewCell.swift in Sources */ = {isa = PBXBuildFile; fileRef = 2C6677B821BD9C2A000E5ACC /* RecentlyWatchedAnimeTableViewCell.swift */; };
		2C7BD23A21B9B4F400B29C90 /* Episode.swift in Sources */ = {isa = PBXBuildFile; fileRef = 2C7BD23921B9B4F400B29C90 /* Episode.swift */; };
		2C91296921BA0FA600284FD0 /* AnimeDescriptionTableViewCell.swift in Sources */ = {isa = PBXBuildFile; fileRef = 2C91296821BA0FA600284FD0 /* AnimeDescriptionTableViewCell.swift */; };
		2C91296B21BA1E0C00284FD0 /* ServerPickerTableViewCell.swift in Sources */ = {isa = PBXBuildFile; fileRef = 2C91296A21BA1E0C00284FD0 /* ServerPickerTableViewCell.swift */; };
		2C91296D21BAD10B00284FD0 /* EpisodeTableViewCell.swift in Sources */ = {isa = PBXBuildFile; fileRef = 2C91296C21BAD10B00284FD0 /* EpisodeTableViewCell.swift */; };
		2C91297121BB60CD00284FD0 /* VideoProviderParser.swift in Sources */ = {isa = PBXBuildFile; fileRef = 2C91297021BB60CD00284FD0 /* VideoProviderParser.swift */; };
		2C91297321BB61BE00284FD0 /* RapidVideoParser.swift in Sources */ = {isa = PBXBuildFile; fileRef = 2C91297221BB61BE00284FD0 /* RapidVideoParser.swift */; };
		2C91297521BB7A4200284FD0 /* StreamangoParser.swift in Sources */ = {isa = PBXBuildFile; fileRef = 2C91297421BB7A4200284FD0 /* StreamangoParser.swift */; };
		2C91297721BB867300284FD0 /* MyCloudParser.swift in Sources */ = {isa = PBXBuildFile; fileRef = 2C91297621BB867300284FD0 /* MyCloudParser.swift */; };
		2C9C44FB21CD2405004C8F0C /* Settings.storyboard in Resources */ = {isa = PBXBuildFile; fileRef = 2C9C44F921CD2405004C8F0C /* Settings.storyboard */; };
		2C9C44FE21CD2B33004C8F0C /* SettingsRootTableViewController.swift in Sources */ = {isa = PBXBuildFile; fileRef = 2C9C44FD21CD2B33004C8F0C /* SettingsRootTableViewController.swift */; };
		2C9C450021CD3067004C8F0C /* AboutNineAnimatorTableViewController.swift in Sources */ = {isa = PBXBuildFile; fileRef = 2C9C44FF21CD3067004C8F0C /* AboutNineAnimatorTableViewController.swift */; };
		2C9C450221CD56B0004C8F0C /* Notifications.swift in Sources */ = {isa = PBXBuildFile; fileRef = 2C9C450121CD56B0004C8F0C /* Notifications.swift */; };
		2CAA70D021CFF10B00F0D082 /* RootViewController.swift in Sources */ = {isa = PBXBuildFile; fileRef = 2CAA70CF21CFF10B00F0D082 /* RootViewController.swift */; };
		2CAA70D321CFF42A00F0D082 /* NativePlayerController.swift in Sources */ = {isa = PBXBuildFile; fileRef = 2CAA70D221CFF42A00F0D082 /* NativePlayerController.swift */; };
		2CCC745A21C060480007502A /* Source.swift in Sources */ = {isa = PBXBuildFile; fileRef = 2CCC745921C060480007502A /* Source.swift */; };
		2CCC745C21C063EC0007502A /* SourceNineAnime.swift in Sources */ = {isa = PBXBuildFile; fileRef = 2CCC745B21C063EC0007502A /* SourceNineAnime.swift */; };
		2CCC745E21C064800007502A /* NineAnimeSearch.swift in Sources */ = {isa = PBXBuildFile; fileRef = 2CCC745D21C064800007502A /* NineAnimeSearch.swift */; };
		2CCC746021C06D1B0007502A /* NineAnimeFeatured.swift in Sources */ = {isa = PBXBuildFile; fileRef = 2CCC745F21C06D1B0007502A /* NineAnimeFeatured.swift */; };
		2CCC746421C07C700007502A /* NineAnimeAnime.swift in Sources */ = {isa = PBXBuildFile; fileRef = 2CCC746321C07C700007502A /* NineAnimeAnime.swift */; };
		2CCC746621C088980007502A /* NineAnimeEpisode.swift in Sources */ = {isa = PBXBuildFile; fileRef = 2CCC746521C088980007502A /* NineAnimeEpisode.swift */; };
		2CCC746921C0975A0007502A /* SourceMasterAnime.swift in Sources */ = {isa = PBXBuildFile; fileRef = 2CCC746821C0975A0007502A /* SourceMasterAnime.swift */; };
		2CCC746B21C098860007502A /* SearchMasterAnime.swift in Sources */ = {isa = PBXBuildFile; fileRef = 2CCC746A21C098860007502A /* SearchMasterAnime.swift */; };
		2CCC746D21C172330007502A /* EpisodeMasterAnime.swift in Sources */ = {isa = PBXBuildFile; fileRef = 2CCC746C21C172330007502A /* EpisodeMasterAnime.swift */; };
		526A018821BD7DB900A90385 /* AVPlayerItem+ProviderParsers.swift in Sources */ = {isa = PBXBuildFile; fileRef = 526A018721BD7DB900A90385 /* AVPlayerItem+ProviderParsers.swift */; };
		52CADD6721BD86F40077BEB1 /* UITableView+Extensions.swift in Sources */ = {isa = PBXBuildFile; fileRef = 52CADD6621BD86F40077BEB1 /* UITableView+Extensions.swift */; };
/* End PBXBuildFile section */

/* Begin PBXContainerItemProxy section */
		2C4ABC6521B5881F009B4D47 /* PBXContainerItemProxy */ = {
			isa = PBXContainerItemProxy;
			containerPortal = 2C4ABC4821B5881E009B4D47 /* Project object */;
			proxyType = 1;
			remoteGlobalIDString = 2C4ABC4F21B5881E009B4D47;
			remoteInfo = NineAnimator;
		};
/* End PBXContainerItemProxy section */

/* Begin PBXFileReference section */
		2C12EDCC21BDD4930064D2BD /* PlaybackMedia.swift */ = {isa = PBXFileReference; lastKnownFileType = sourcecode.swift; path = PlaybackMedia.swift; sourceTree = "<group>"; };
		2C12EDCE21BDDF320064D2BD /* Result.framework */ = {isa = PBXFileReference; lastKnownFileType = wrapper.framework; name = Result.framework; path = Carthage/Build/iOS/Result.framework; sourceTree = "<group>"; };
		2C12EDCF21BDDF320064D2BD /* SwiftProtobuf.framework */ = {isa = PBXFileReference; lastKnownFileType = wrapper.framework; name = SwiftProtobuf.framework; path = Carthage/Build/iOS/SwiftProtobuf.framework; sourceTree = "<group>"; };
		2C12EDD021BDDF320064D2BD /* SwiftyJSON.framework */ = {isa = PBXFileReference; lastKnownFileType = wrapper.framework; name = SwiftyJSON.framework; path = Carthage/Build/iOS/SwiftyJSON.framework; sourceTree = "<group>"; };
		2C12EDD121BDDF320064D2BD /* OpenCastSwift.framework */ = {isa = PBXFileReference; lastKnownFileType = wrapper.framework; name = OpenCastSwift.framework; path = Carthage/Build/iOS/OpenCastSwift.framework; sourceTree = "<group>"; };
		2C12EDD721BDE6B20064D2BD /* HalfFillViewControllerProtocol.swift */ = {isa = PBXFileReference; fileEncoding = 4; lastKnownFileType = sourcecode.swift; path = HalfFillViewControllerProtocol.swift; sourceTree = "<group>"; };
		2C12EDD821BDE6B20064D2BD /* HalfFillPresentationController.swift */ = {isa = PBXFileReference; fileEncoding = 4; lastKnownFileType = sourcecode.swift; path = HalfFillPresentationController.swift; sourceTree = "<group>"; };
		2C12EDD921BDE6B20064D2BD /* HalfFillTransitionAnimator.swift */ = {isa = PBXFileReference; fileEncoding = 4; lastKnownFileType = sourcecode.swift; path = HalfFillTransitionAnimator.swift; sourceTree = "<group>"; };
		2C12EDDA21BDE6B20064D2BD /* HalfFillTransitionDelegate.swift */ = {isa = PBXFileReference; fileEncoding = 4; lastKnownFileType = sourcecode.swift; path = HalfFillTransitionDelegate.swift; sourceTree = "<group>"; };
		2C12EDDF21BDE7960064D2BD /* ApplicationNavigationController.swift */ = {isa = PBXFileReference; lastKnownFileType = sourcecode.swift; path = ApplicationNavigationController.swift; sourceTree = "<group>"; };
		2C12EDE221BDE9230064D2BD /* Base */ = {isa = PBXFileReference; lastKnownFileType = file.storyboard; name = Base; path = Base.lproj/GoogleCastMediaControl.storyboard; sourceTree = "<group>"; };
		2C12EDE421BDE9DB0064D2BD /* GoogleCastMediaPlaybackViewController.swift */ = {isa = PBXFileReference; lastKnownFileType = sourcecode.swift; path = GoogleCastMediaPlaybackViewController.swift; sourceTree = "<group>"; };
		2C12EDE621BDFFFF0064D2BD /* CastController.swift */ = {isa = PBXFileReference; lastKnownFileType = sourcecode.swift; path = CastController.swift; sourceTree = "<group>"; };
		2C12EDE821BE13920064D2BD /* GoogleCastDeviceTableViewCell.swift */ = {isa = PBXFileReference; lastKnownFileType = sourcecode.swift; path = GoogleCastDeviceTableViewCell.swift; sourceTree = "<group>"; };
		2C17E08821D7D67000E3FD1F /* UnavailableTableViewCell.swift */ = {isa = PBXFileReference; lastKnownFileType = sourcecode.swift; path = UnavailableTableViewCell.swift; sourceTree = "<group>"; };
		2C3545A421DA84F500321B18 /* NotificationManager.swift */ = {isa = PBXFileReference; lastKnownFileType = sourcecode.swift; path = NotificationManager.swift; sourceTree = "<group>"; };
		2C4ABC5021B5881E009B4D47 /* NineAnimator.app */ = {isa = PBXFileReference; explicitFileType = wrapper.application; includeInIndex = 0; path = NineAnimator.app; sourceTree = BUILT_PRODUCTS_DIR; };
		2C4ABC5321B5881E009B4D47 /* AppDelegate.swift */ = {isa = PBXFileReference; lastKnownFileType = sourcecode.swift; path = AppDelegate.swift; sourceTree = "<group>"; };
		2C4ABC5821B5881E009B4D47 /* Base */ = {isa = PBXFileReference; lastKnownFileType = file.storyboard; name = Base; path = Base.lproj/Main.storyboard; sourceTree = "<group>"; };
		2C4ABC5A21B5881F009B4D47 /* Assets.xcassets */ = {isa = PBXFileReference; lastKnownFileType = folder.assetcatalog; path = Assets.xcassets; sourceTree = "<group>"; };
		2C4ABC5D21B5881F009B4D47 /* Base */ = {isa = PBXFileReference; lastKnownFileType = file.storyboard; name = Base; path = Base.lproj/LaunchScreen.storyboard; sourceTree = "<group>"; };
		2C4ABC5F21B5881F009B4D47 /* Info.plist */ = {isa = PBXFileReference; lastKnownFileType = text.plist.xml; path = Info.plist; sourceTree = "<group>"; };
		2C4ABC6421B5881F009B4D47 /* NineAnimatorUITests.xctest */ = {isa = PBXFileReference; explicitFileType = wrapper.cfbundle; includeInIndex = 0; path = NineAnimatorUITests.xctest; sourceTree = BUILT_PRODUCTS_DIR; };
		2C4ABC6821B5881F009B4D47 /* NineAnimatorUITests.swift */ = {isa = PBXFileReference; lastKnownFileType = sourcecode.swift; path = NineAnimatorUITests.swift; sourceTree = "<group>"; };
		2C4ABC6A21B5881F009B4D47 /* Info.plist */ = {isa = PBXFileReference; lastKnownFileType = text.plist.xml; path = Info.plist; sourceTree = "<group>"; };
		2C4ABC7421B599A2009B4D47 /* FeaturedViewController.swift */ = {isa = PBXFileReference; lastKnownFileType = sourcecode.swift; path = FeaturedViewController.swift; sourceTree = "<group>"; };
		2C4ABC7821B59CC8009B4D47 /* NineAnimator.swift */ = {isa = PBXFileReference; lastKnownFileType = sourcecode.swift; path = NineAnimator.swift; sourceTree = "<group>"; };
		2C4ABC7C21B6B3F2009B4D47 /* FeaturedAnimeTableViewCell.swift */ = {isa = PBXFileReference; lastKnownFileType = sourcecode.swift; path = FeaturedAnimeTableViewCell.swift; sourceTree = "<group>"; };
		2C4ABC7E21B6D69E009B4D47 /* UIView+BackgroundShadow.swift */ = {isa = PBXFileReference; lastKnownFileType = sourcecode.swift; path = "UIView+BackgroundShadow.swift"; sourceTree = "<group>"; };
		2C4ABC8221B7401B009B4D47 /* AnimeLink.swift */ = {isa = PBXFileReference; lastKnownFileType = sourcecode.swift; path = AnimeLink.swift; sourceTree = "<group>"; };
		2C4ABC8421B74A51009B4D47 /* Featured.swift */ = {isa = PBXFileReference; lastKnownFileType = sourcecode.swift; path = Featured.swift; sourceTree = "<group>"; };
		2C4ABC8721B753DD009B4D47 /* String+IntegerRangeSubstring.swift */ = {isa = PBXFileReference; lastKnownFileType = sourcecode.swift; path = "String+IntegerRangeSubstring.swift"; sourceTree = "<group>"; };
		2C4ABC8D21B76010009B4D47 /* Base */ = {isa = PBXFileReference; lastKnownFileType = file.storyboard; name = Base; path = Base.lproj/AnimePlayer.storyboard; sourceTree = "<group>"; };
		2C4ABC8F21B76941009B4D47 /* RecentlyUpdatedAnimeTableViewCell.swift */ = {isa = PBXFileReference; lastKnownFileType = sourcecode.swift; path = RecentlyUpdatedAnimeTableViewCell.swift; sourceTree = "<group>"; };
		2C4ABC9121B7F41D009B4D47 /* Cartfile */ = {isa = PBXFileReference; lastKnownFileType = text; path = Cartfile; sourceTree = SOURCE_ROOT; };
		2C4ABC9421B7F53F009B4D47 /* Kingfisher.framework */ = {isa = PBXFileReference; lastKnownFileType = wrapper.framework; name = Kingfisher.framework; path = Carthage/Build/iOS/Kingfisher.framework; sourceTree = "<group>"; };
		2C4ABC9721B825A5009B4D47 /* AnimeViewController.swift */ = {isa = PBXFileReference; lastKnownFileType = sourcecode.swift; path = AnimeViewController.swift; sourceTree = "<group>"; };
		2C4ABC9921B88F8C009B4D47 /* Anime.swift */ = {isa = PBXFileReference; lastKnownFileType = sourcecode.swift; path = Anime.swift; sourceTree = "<group>"; };
		2C4ABC9B21B8942D009B4D47 /* Alamofire.framework */ = {isa = PBXFileReference; lastKnownFileType = wrapper.framework; name = Alamofire.framework; path = Carthage/Build/iOS/Alamofire.framework; sourceTree = "<group>"; };
		2C4ABC9D21B8CA83009B4D47 /* SwiftSoup.framework */ = {isa = PBXFileReference; lastKnownFileType = wrapper.framework; name = SwiftSoup.framework; path = Carthage/Build/iOS/SwiftSoup.framework; sourceTree = "<group>"; };
		2C5F57BB21C9F3E2008FC503 /* NineAnimator.entitlements */ = {isa = PBXFileReference; lastKnownFileType = text.plist.entitlements; path = NineAnimator.entitlements; sourceTree = "<group>"; };
		2C646F8921C3125A00957A72 /* Mp4UploadParser.swift */ = {isa = PBXFileReference; lastKnownFileType = sourcecode.swift; path = Mp4UploadParser.swift; sourceTree = "<group>"; };
		2C646F8B21C3245B00957A72 /* TiwiKiwiParser.swift */ = {isa = PBXFileReference; lastKnownFileType = sourcecode.swift; path = TiwiKiwiParser.swift; sourceTree = "<group>"; };
		2C66779721BC2213000E5ACC /* SearchViewController.swift */ = {isa = PBXFileReference; lastKnownFileType = sourcecode.swift; path = SearchViewController.swift; sourceTree = "<group>"; };
		2C66779921BC2671000E5ACC /* SearchResultViewController.swift */ = {isa = PBXFileReference; lastKnownFileType = sourcecode.swift; path = SearchResultViewController.swift; sourceTree = "<group>"; };
		2C66779B21BC294D000E5ACC /* SimpleAnimeTableViewCell.swift */ = {isa = PBXFileReference; lastKnownFileType = sourcecode.swift; path = SimpleAnimeTableViewCell.swift; sourceTree = "<group>"; };
		2C66779D21BC36A5000E5ACC /* Search.swift */ = {isa = PBXFileReference; lastKnownFileType = sourcecode.swift; path = Search.swift; sourceTree = "<group>"; };
		2C66779F21BC4663000E5ACC /* AnimeSearchResultTableViewCell.swift */ = {isa = PBXFileReference; lastKnownFileType = sourcecode.swift; path = AnimeSearchResultTableViewCell.swift; sourceTree = "<group>"; };
		2C6677A121BC7883000E5ACC /* README.md */ = {isa = PBXFileReference; lastKnownFileType = net.daringfireball.markdown; path = README.md; sourceTree = SOURCE_ROOT; };
		2C6677A321BC7AF8000E5ACC /* screenshot_4.png */ = {isa = PBXFileReference; lastKnownFileType = image.png; path = screenshot_4.png; sourceTree = "<group>"; };
		2C6677A421BC7AF8000E5ACC /* screenshot_2.png */ = {isa = PBXFileReference; lastKnownFileType = image.png; path = screenshot_2.png; sourceTree = "<group>"; };
		2C6677A521BC7AF8000E5ACC /* screenshot_3.png */ = {isa = PBXFileReference; lastKnownFileType = image.png; path = screenshot_3.png; sourceTree = "<group>"; };
		2C6677A621BC7AF8000E5ACC /* screenshot_1.png */ = {isa = PBXFileReference; lastKnownFileType = image.png; path = screenshot_1.png; sourceTree = "<group>"; };
		2C6677A921BD5F22000E5ACC /* RecentlyViewedTableViewController.swift */ = {isa = PBXFileReference; lastKnownFileType = sourcecode.swift; path = RecentlyViewedTableViewController.swift; sourceTree = "<group>"; };
		2C6677AB21BD5FE0000E5ACC /* NineAnimatorUser.swift */ = {isa = PBXFileReference; lastKnownFileType = sourcecode.swift; path = NineAnimatorUser.swift; sourceTree = "<group>"; };
		2C6677AF21BD6DFE000E5ACC /* LastViewedEpisodeTableViewCell.swift */ = {isa = PBXFileReference; lastKnownFileType = sourcecode.swift; path = LastViewedEpisodeTableViewCell.swift; sourceTree = "<group>"; };
		2C6677B121BD846A000E5ACC /* CMTime.swift */ = {isa = PBXFileReference; lastKnownFileType = sourcecode.swift; path = CMTime.swift; sourceTree = "<group>"; };
		2C6677B321BD8770000E5ACC /* EpisodeAccessoryProcessIndicator.swift */ = {isa = PBXFileReference; lastKnownFileType = sourcecode.swift; path = EpisodeAccessoryProcessIndicator.swift; sourceTree = "<group>"; };
		2C6677B521BD8FA1000E5ACC /* SearchNoResultsTableViewCell.swift */ = {isa = PBXFileReference; lastKnownFileType = sourcecode.swift; path = SearchNoResultsTableViewCell.swift; sourceTree = "<group>"; };
		2C6677B721BD98A8000E5ACC /* LICENSE */ = {isa = PBXFileReference; lastKnownFileType = text; path = LICENSE; sourceTree = SOURCE_ROOT; };
		2C6677B821BD9C2A000E5ACC /* RecentlyWatchedAnimeTableViewCell.swift */ = {isa = PBXFileReference; lastKnownFileType = sourcecode.swift; path = RecentlyWatchedAnimeTableViewCell.swift; sourceTree = "<group>"; };
		2C7BD23921B9B4F400B29C90 /* Episode.swift */ = {isa = PBXFileReference; lastKnownFileType = sourcecode.swift; path = Episode.swift; sourceTree = "<group>"; };
		2C91296821BA0FA600284FD0 /* AnimeDescriptionTableViewCell.swift */ = {isa = PBXFileReference; lastKnownFileType = sourcecode.swift; path = AnimeDescriptionTableViewCell.swift; sourceTree = "<group>"; };
		2C91296A21BA1E0C00284FD0 /* ServerPickerTableViewCell.swift */ = {isa = PBXFileReference; lastKnownFileType = sourcecode.swift; path = ServerPickerTableViewCell.swift; sourceTree = "<group>"; };
		2C91296C21BAD10B00284FD0 /* EpisodeTableViewCell.swift */ = {isa = PBXFileReference; lastKnownFileType = sourcecode.swift; path = EpisodeTableViewCell.swift; sourceTree = "<group>"; };
		2C91297021BB60CD00284FD0 /* VideoProviderParser.swift */ = {isa = PBXFileReference; lastKnownFileType = sourcecode.swift; path = VideoProviderParser.swift; sourceTree = "<group>"; };
		2C91297221BB61BE00284FD0 /* RapidVideoParser.swift */ = {isa = PBXFileReference; lastKnownFileType = sourcecode.swift; path = RapidVideoParser.swift; sourceTree = "<group>"; };
		2C91297421BB7A4200284FD0 /* StreamangoParser.swift */ = {isa = PBXFileReference; lastKnownFileType = sourcecode.swift; path = StreamangoParser.swift; sourceTree = "<group>"; };
		2C91297621BB867300284FD0 /* MyCloudParser.swift */ = {isa = PBXFileReference; lastKnownFileType = sourcecode.swift; path = MyCloudParser.swift; sourceTree = "<group>"; };
		2C9C44FA21CD2405004C8F0C /* Base */ = {isa = PBXFileReference; lastKnownFileType = file.storyboard; name = Base; path = Base.lproj/Settings.storyboard; sourceTree = "<group>"; };
		2C9C44FD21CD2B33004C8F0C /* SettingsRootTableViewController.swift */ = {isa = PBXFileReference; lastKnownFileType = sourcecode.swift; path = SettingsRootTableViewController.swift; sourceTree = "<group>"; };
		2C9C44FF21CD3067004C8F0C /* AboutNineAnimatorTableViewController.swift */ = {isa = PBXFileReference; lastKnownFileType = sourcecode.swift; path = AboutNineAnimatorTableViewController.swift; sourceTree = "<group>"; };
		2C9C450121CD56B0004C8F0C /* Notifications.swift */ = {isa = PBXFileReference; lastKnownFileType = sourcecode.swift; path = Notifications.swift; sourceTree = "<group>"; };
		2C9C450321CDA7CF004C8F0C /* screenshot_7.png */ = {isa = PBXFileReference; lastKnownFileType = image.png; path = screenshot_7.png; sourceTree = "<group>"; };
		2C9C450421CDA7D0004C8F0C /* screenshot_8.png */ = {isa = PBXFileReference; lastKnownFileType = image.png; path = screenshot_8.png; sourceTree = "<group>"; };
		2CAA70CF21CFF10B00F0D082 /* RootViewController.swift */ = {isa = PBXFileReference; lastKnownFileType = sourcecode.swift; path = RootViewController.swift; sourceTree = "<group>"; };
		2CAA70D221CFF42A00F0D082 /* NativePlayerController.swift */ = {isa = PBXFileReference; lastKnownFileType = sourcecode.swift; path = NativePlayerController.swift; sourceTree = "<group>"; };
		2CAEF62321BF7BDD00E7C123 /* screenshot_6.png */ = {isa = PBXFileReference; lastKnownFileType = image.png; path = screenshot_6.png; sourceTree = "<group>"; };
		2CAEF62421BF7BDD00E7C123 /* screenshot_5.png */ = {isa = PBXFileReference; lastKnownFileType = image.png; path = screenshot_5.png; sourceTree = "<group>"; };
		2CCC745921C060480007502A /* Source.swift */ = {isa = PBXFileReference; lastKnownFileType = sourcecode.swift; path = Source.swift; sourceTree = "<group>"; };
		2CCC745B21C063EC0007502A /* SourceNineAnime.swift */ = {isa = PBXFileReference; lastKnownFileType = sourcecode.swift; path = SourceNineAnime.swift; sourceTree = "<group>"; };
		2CCC745D21C064800007502A /* NineAnimeSearch.swift */ = {isa = PBXFileReference; lastKnownFileType = sourcecode.swift; path = NineAnimeSearch.swift; sourceTree = "<group>"; };
		2CCC745F21C06D1B0007502A /* NineAnimeFeatured.swift */ = {isa = PBXFileReference; lastKnownFileType = sourcecode.swift; path = NineAnimeFeatured.swift; sourceTree = "<group>"; };
		2CCC746321C07C700007502A /* NineAnimeAnime.swift */ = {isa = PBXFileReference; lastKnownFileType = sourcecode.swift; path = NineAnimeAnime.swift; sourceTree = "<group>"; };
		2CCC746521C088980007502A /* NineAnimeEpisode.swift */ = {isa = PBXFileReference; lastKnownFileType = sourcecode.swift; path = NineAnimeEpisode.swift; sourceTree = "<group>"; };
		2CCC746821C0975A0007502A /* SourceMasterAnime.swift */ = {isa = PBXFileReference; lastKnownFileType = sourcecode.swift; path = SourceMasterAnime.swift; sourceTree = "<group>"; };
		2CCC746A21C098860007502A /* SearchMasterAnime.swift */ = {isa = PBXFileReference; lastKnownFileType = sourcecode.swift; path = SearchMasterAnime.swift; sourceTree = "<group>"; };
		2CCC746C21C172330007502A /* EpisodeMasterAnime.swift */ = {isa = PBXFileReference; lastKnownFileType = sourcecode.swift; path = EpisodeMasterAnime.swift; sourceTree = "<group>"; };
		526A018721BD7DB900A90385 /* AVPlayerItem+ProviderParsers.swift */ = {isa = PBXFileReference; lastKnownFileType = sourcecode.swift; path = "AVPlayerItem+ProviderParsers.swift"; sourceTree = "<group>"; };
		52CADD6621BD86F40077BEB1 /* UITableView+Extensions.swift */ = {isa = PBXFileReference; lastKnownFileType = sourcecode.swift; path = "UITableView+Extensions.swift"; sourceTree = "<group>"; };
/* End PBXFileReference section */

/* Begin PBXFrameworksBuildPhase section */
		2C4ABC4D21B5881E009B4D47 /* Frameworks */ = {
			isa = PBXFrameworksBuildPhase;
			buildActionMask = 2147483647;
			files = (
				2C12EDD221BDDF320064D2BD /* Result.framework in Frameworks */,
				2C12EDD321BDDF320064D2BD /* SwiftProtobuf.framework in Frameworks */,
				2C12EDD421BDDF320064D2BD /* SwiftyJSON.framework in Frameworks */,
				2C12EDD521BDDF320064D2BD /* OpenCastSwift.framework in Frameworks */,
				2C4ABC9E21B8CA83009B4D47 /* SwiftSoup.framework in Frameworks */,
				2C4ABC9C21B8942D009B4D47 /* Alamofire.framework in Frameworks */,
				2C4ABC9521B7F53F009B4D47 /* Kingfisher.framework in Frameworks */,
			);
			runOnlyForDeploymentPostprocessing = 0;
		};
		2C4ABC6121B5881F009B4D47 /* Frameworks */ = {
			isa = PBXFrameworksBuildPhase;
			buildActionMask = 2147483647;
			files = (
			);
			runOnlyForDeploymentPostprocessing = 0;
		};
/* End PBXFrameworksBuildPhase section */

/* Begin PBXGroup section */
		2C12EDD621BDE66E0064D2BD /* Prototype */ = {
			isa = PBXGroup;
			children = (
				2C12EDD821BDE6B20064D2BD /* HalfFillPresentationController.swift */,
				2C12EDD921BDE6B20064D2BD /* HalfFillTransitionAnimator.swift */,
				2C12EDDA21BDE6B20064D2BD /* HalfFillTransitionDelegate.swift */,
				2C12EDD721BDE6B20064D2BD /* HalfFillViewControllerProtocol.swift */,
				2C12EDDF21BDE7960064D2BD /* ApplicationNavigationController.swift */,
			);
			path = Prototype;
			sourceTree = "<group>";
		};
		2C17E08721D7D63100E3FD1F /* Featured Tab */ = {
			isa = PBXGroup;
			children = (
				2C4ABC7C21B6B3F2009B4D47 /* FeaturedAnimeTableViewCell.swift */,
				2C4ABC8F21B76941009B4D47 /* RecentlyUpdatedAnimeTableViewCell.swift */,
				2C17E08821D7D67000E3FD1F /* UnavailableTableViewCell.swift */,
			);
			path = "Featured Tab";
			sourceTree = "<group>";
		};
		2C4ABC4721B5881E009B4D47 = {
			isa = PBXGroup;
			children = (
				2C6677A221BC78EF000E5ACC /* Misc */,
				2C4ABC5221B5881E009B4D47 /* NineAnimator */,
				2C4ABC6721B5881F009B4D47 /* NineAnimatorUITests */,
				2C4ABC5121B5881E009B4D47 /* Products */,
				2C4ABC9321B7F53E009B4D47 /* Frameworks */,
			);
			sourceTree = "<group>";
		};
		2C4ABC5121B5881E009B4D47 /* Products */ = {
			isa = PBXGroup;
			children = (
				2C4ABC5021B5881E009B4D47 /* NineAnimator.app */,
				2C4ABC6421B5881F009B4D47 /* NineAnimatorUITests.xctest */,
			);
			name = Products;
			sourceTree = "<group>";
		};
		2C4ABC5221B5881E009B4D47 /* NineAnimator */ = {
			isa = PBXGroup;
			children = (
				2C5F57BB21C9F3E2008FC503 /* NineAnimator.entitlements */,
				2C4ABC8B21B75FD2009B4D47 /* Storyboards */,
				2C4ABC8621B753C9009B4D47 /* Utilities */,
				2C4ABC7721B59C95009B4D47 /* Views */,
				2C4ABC7621B599E3009B4D47 /* Models */,
				2C4ABC7321B59982009B4D47 /* Controllers */,
				2C4ABC5321B5881E009B4D47 /* AppDelegate.swift */,
				2C3545A421DA84F500321B18 /* NotificationManager.swift */,
				2C4ABC5A21B5881F009B4D47 /* Assets.xcassets */,
				2C4ABC5F21B5881F009B4D47 /* Info.plist */,
			);
			path = NineAnimator;
			sourceTree = "<group>";
		};
		2C4ABC6721B5881F009B4D47 /* NineAnimatorUITests */ = {
			isa = PBXGroup;
			children = (
				2C4ABC6821B5881F009B4D47 /* NineAnimatorUITests.swift */,
				2C4ABC6A21B5881F009B4D47 /* Info.plist */,
			);
			path = NineAnimatorUITests;
			sourceTree = "<group>";
		};
		2C4ABC7321B59982009B4D47 /* Controllers */ = {
			isa = PBXGroup;
			children = (
				2CAA70D121CFF40900F0D082 /* Player */,
				2C9C44FC21CD2B07004C8F0C /* Settings */,
				2C12EDD621BDE66E0064D2BD /* Prototype */,
				2C4ABC7421B599A2009B4D47 /* FeaturedViewController.swift */,
				2C66779721BC2213000E5ACC /* SearchViewController.swift */,
				2C66779921BC2671000E5ACC /* SearchResultViewController.swift */,
				2C6677A921BD5F22000E5ACC /* RecentlyViewedTableViewController.swift */,
				2CAA70CF21CFF10B00F0D082 /* RootViewController.swift */,
			);
			path = Controllers;
			sourceTree = "<group>";
		};
		2C4ABC7621B599E3009B4D47 /* Models */ = {
			isa = PBXGroup;
			children = (
				2CCC746721C097410007502A /* masterani.me */,
				2CCC745821C05F640007502A /* 9anime.to */,
				2C91296E21BB608F00284FD0 /* ProviderParsers */,
				2C4ABC7821B59CC8009B4D47 /* NineAnimator.swift */,
				2C4ABC8221B7401B009B4D47 /* AnimeLink.swift */,
				2C4ABC8421B74A51009B4D47 /* Featured.swift */,
				2C4ABC9921B88F8C009B4D47 /* Anime.swift */,
				2C7BD23921B9B4F400B29C90 /* Episode.swift */,
				2C66779D21BC36A5000E5ACC /* Search.swift */,
				2C6677AB21BD5FE0000E5ACC /* NineAnimatorUser.swift */,
				2CCC745921C060480007502A /* Source.swift */,
			);
			path = Models;
			sourceTree = "<group>";
		};
		2C4ABC7721B59C95009B4D47 /* Views */ = {
			isa = PBXGroup;
			children = (
				2C17E08721D7D63100E3FD1F /* Featured Tab */,
				2C4ABC7E21B6D69E009B4D47 /* UIView+BackgroundShadow.swift */,
				2C91296821BA0FA600284FD0 /* AnimeDescriptionTableViewCell.swift */,
				2C91296A21BA1E0C00284FD0 /* ServerPickerTableViewCell.swift */,
				2C91296C21BAD10B00284FD0 /* EpisodeTableViewCell.swift */,
				2C66779B21BC294D000E5ACC /* SimpleAnimeTableViewCell.swift */,
				2C66779F21BC4663000E5ACC /* AnimeSearchResultTableViewCell.swift */,
				2C6677AF21BD6DFE000E5ACC /* LastViewedEpisodeTableViewCell.swift */,
				2C6677B321BD8770000E5ACC /* EpisodeAccessoryProcessIndicator.swift */,
				2C6677B521BD8FA1000E5ACC /* SearchNoResultsTableViewCell.swift */,
				2C6677B821BD9C2A000E5ACC /* RecentlyWatchedAnimeTableViewCell.swift */,
				2C12EDE821BE13920064D2BD /* GoogleCastDeviceTableViewCell.swift */,
			);
			path = Views;
			sourceTree = "<group>";
		};
		2C4ABC8621B753C9009B4D47 /* Utilities */ = {
			isa = PBXGroup;
			children = (
				2C4ABC8721B753DD009B4D47 /* String+IntegerRangeSubstring.swift */,
				2C6677B121BD846A000E5ACC /* CMTime.swift */,
				526A018721BD7DB900A90385 /* AVPlayerItem+ProviderParsers.swift */,
				52CADD6621BD86F40077BEB1 /* UITableView+Extensions.swift */,
				2C9C450121CD56B0004C8F0C /* Notifications.swift */,
			);
			path = Utilities;
			sourceTree = "<group>";
		};
		2C4ABC8B21B75FD2009B4D47 /* Storyboards */ = {
			isa = PBXGroup;
			children = (
				2C4ABC5721B5881E009B4D47 /* Main.storyboard */,
				2C4ABC5C21B5881F009B4D47 /* LaunchScreen.storyboard */,
				2C4ABC8C21B76010009B4D47 /* AnimePlayer.storyboard */,
				2C12EDE121BDE9230064D2BD /* GoogleCastMediaControl.storyboard */,
				2C9C44F921CD2405004C8F0C /* Settings.storyboard */,
			);
			name = Storyboards;
			sourceTree = "<group>";
		};
		2C4ABC9321B7F53E009B4D47 /* Frameworks */ = {
			isa = PBXGroup;
			children = (
				2C12EDD121BDDF320064D2BD /* OpenCastSwift.framework */,
				2C12EDCE21BDDF320064D2BD /* Result.framework */,
				2C12EDCF21BDDF320064D2BD /* SwiftProtobuf.framework */,
				2C12EDD021BDDF320064D2BD /* SwiftyJSON.framework */,
				2C4ABC9D21B8CA83009B4D47 /* SwiftSoup.framework */,
				2C4ABC9B21B8942D009B4D47 /* Alamofire.framework */,
				2C4ABC9421B7F53F009B4D47 /* Kingfisher.framework */,
			);
			name = Frameworks;
			sourceTree = "<group>";
		};
		2C6677A221BC78EF000E5ACC /* Misc */ = {
			isa = PBXGroup;
			children = (
				2C9C450321CDA7CF004C8F0C /* screenshot_7.png */,
				2C9C450421CDA7D0004C8F0C /* screenshot_8.png */,
				2CAEF62421BF7BDD00E7C123 /* screenshot_5.png */,
				2CAEF62321BF7BDD00E7C123 /* screenshot_6.png */,
				2C6677B721BD98A8000E5ACC /* LICENSE */,
				2C4ABC9121B7F41D009B4D47 /* Cartfile */,
				2C6677A121BC7883000E5ACC /* README.md */,
				2C6677A621BC7AF8000E5ACC /* screenshot_1.png */,
				2C6677A421BC7AF8000E5ACC /* screenshot_2.png */,
				2C6677A521BC7AF8000E5ACC /* screenshot_3.png */,
				2C6677A321BC7AF8000E5ACC /* screenshot_4.png */,
			);
			path = Misc;
			sourceTree = "<group>";
		};
		2C91296E21BB608F00284FD0 /* ProviderParsers */ = {
			isa = PBXGroup;
			children = (
				2C91297021BB60CD00284FD0 /* VideoProviderParser.swift */,
				2C91297221BB61BE00284FD0 /* RapidVideoParser.swift */,
				2C91297421BB7A4200284FD0 /* StreamangoParser.swift */,
				2C91297621BB867300284FD0 /* MyCloudParser.swift */,
				2C12EDCC21BDD4930064D2BD /* PlaybackMedia.swift */,
				2C646F8921C3125A00957A72 /* Mp4UploadParser.swift */,
				2C646F8B21C3245B00957A72 /* TiwiKiwiParser.swift */,
			);
			path = ProviderParsers;
			sourceTree = "<group>";
		};
		2C9C44FC21CD2B07004C8F0C /* Settings */ = {
			isa = PBXGroup;
			children = (
				2C9C44FD21CD2B33004C8F0C /* SettingsRootTableViewController.swift */,
				2C9C44FF21CD3067004C8F0C /* AboutNineAnimatorTableViewController.swift */,
			);
			path = Settings;
			sourceTree = "<group>";
		};
		2CAA70D121CFF40900F0D082 /* Player */ = {
			isa = PBXGroup;
			children = (
				2C4ABC9721B825A5009B4D47 /* AnimeViewController.swift */,
				2CAA70D221CFF42A00F0D082 /* NativePlayerController.swift */,
				2C12EDE421BDE9DB0064D2BD /* GoogleCastMediaPlaybackViewController.swift */,
				2C12EDE621BDFFFF0064D2BD /* CastController.swift */,
			);
			path = Player;
			sourceTree = "<group>";
		};
		2CCC745821C05F640007502A /* 9anime.to */ = {
			isa = PBXGroup;
			children = (
				2CCC745B21C063EC0007502A /* SourceNineAnime.swift */,
				2CCC745D21C064800007502A /* NineAnimeSearch.swift */,
				2CCC745F21C06D1B0007502A /* NineAnimeFeatured.swift */,
				2CCC746321C07C700007502A /* NineAnimeAnime.swift */,
				2CCC746521C088980007502A /* NineAnimeEpisode.swift */,
			);
			path = 9anime.to;
			sourceTree = "<group>";
		};
		2CCC746721C097410007502A /* masterani.me */ = {
			isa = PBXGroup;
			children = (
				2CCC746821C0975A0007502A /* SourceMasterAnime.swift */,
				2CCC746A21C098860007502A /* SearchMasterAnime.swift */,
				2CCC746C21C172330007502A /* EpisodeMasterAnime.swift */,
			);
			path = masterani.me;
			sourceTree = "<group>";
		};
/* End PBXGroup section */

/* Begin PBXNativeTarget section */
		2C4ABC4F21B5881E009B4D47 /* NineAnimator */ = {
			isa = PBXNativeTarget;
			buildConfigurationList = 2C4ABC6D21B5881F009B4D47 /* Build configuration list for PBXNativeTarget "NineAnimator" */;
			buildPhases = (
				52F6A4F121DABBE60005D78D /* ShellScript */,
				2C4ABC9621B7F55B009B4D47 /* ShellScript */,
				2C4ABC4C21B5881E009B4D47 /* Sources */,
				2C4ABC4D21B5881E009B4D47 /* Frameworks */,
				2C4ABC4E21B5881E009B4D47 /* Resources */,
			);
			buildRules = (
			);
			dependencies = (
			);
			name = NineAnimator;
			productName = NineAnimator;
			productReference = 2C4ABC5021B5881E009B4D47 /* NineAnimator.app */;
			productType = "com.apple.product-type.application";
		};
		2C4ABC6321B5881F009B4D47 /* NineAnimatorUITests */ = {
			isa = PBXNativeTarget;
			buildConfigurationList = 2C4ABC7021B5881F009B4D47 /* Build configuration list for PBXNativeTarget "NineAnimatorUITests" */;
			buildPhases = (
				2C4ABC6021B5881F009B4D47 /* Sources */,
				2C4ABC6121B5881F009B4D47 /* Frameworks */,
				2C4ABC6221B5881F009B4D47 /* Resources */,
			);
			buildRules = (
			);
			dependencies = (
				2C4ABC6621B5881F009B4D47 /* PBXTargetDependency */,
			);
			name = NineAnimatorUITests;
			productName = NineAnimatorUITests;
			productReference = 2C4ABC6421B5881F009B4D47 /* NineAnimatorUITests.xctest */;
			productType = "com.apple.product-type.bundle.ui-testing";
		};
/* End PBXNativeTarget section */

/* Begin PBXProject section */
		2C4ABC4821B5881E009B4D47 /* Project object */ = {
			isa = PBXProject;
			attributes = {
				LastSwiftUpdateCheck = 1010;
				LastUpgradeCheck = 1010;
				ORGANIZATIONNAME = "Marcus Zhou";
				TargetAttributes = {
					2C4ABC4F21B5881E009B4D47 = {
						CreatedOnToolsVersion = 10.1;
						SystemCapabilities = {
							com.apple.BackgroundModes = {
								enabled = 1;
							};
							com.apple.InterAppAudio = {
								enabled = 0;
							};
						};
					};
					2C4ABC6321B5881F009B4D47 = {
						CreatedOnToolsVersion = 10.1;
						TestTargetID = 2C4ABC4F21B5881E009B4D47;
					};
				};
			};
			buildConfigurationList = 2C4ABC4B21B5881E009B4D47 /* Build configuration list for PBXProject "NineAnimator" */;
			compatibilityVersion = "Xcode 9.3";
			developmentRegion = en;
			hasScannedForEncodings = 0;
			knownRegions = (
				en,
				Base,
			);
			mainGroup = 2C4ABC4721B5881E009B4D47;
			productRefGroup = 2C4ABC5121B5881E009B4D47 /* Products */;
			projectDirPath = "";
			projectRoot = "";
			targets = (
				2C4ABC4F21B5881E009B4D47 /* NineAnimator */,
				2C4ABC6321B5881F009B4D47 /* NineAnimatorUITests */,
			);
		};
/* End PBXProject section */

/* Begin PBXResourcesBuildPhase section */
		2C4ABC4E21B5881E009B4D47 /* Resources */ = {
			isa = PBXResourcesBuildPhase;
			buildActionMask = 2147483647;
			files = (
				2C4ABC8E21B76010009B4D47 /* AnimePlayer.storyboard in Resources */,
				2C4ABC5E21B5881F009B4D47 /* LaunchScreen.storyboard in Resources */,
				2C4ABC5B21B5881F009B4D47 /* Assets.xcassets in Resources */,
				2C9C44FB21CD2405004C8F0C /* Settings.storyboard in Resources */,
				2C12EDE321BDE9230064D2BD /* GoogleCastMediaControl.storyboard in Resources */,
				2C4ABC5921B5881E009B4D47 /* Main.storyboard in Resources */,
			);
			runOnlyForDeploymentPostprocessing = 0;
		};
		2C4ABC6221B5881F009B4D47 /* Resources */ = {
			isa = PBXResourcesBuildPhase;
			buildActionMask = 2147483647;
			files = (
			);
			runOnlyForDeploymentPostprocessing = 0;
		};
/* End PBXResourcesBuildPhase section */

/* Begin PBXShellScriptBuildPhase section */
		2C4ABC9621B7F55B009B4D47 /* ShellScript */ = {
			isa = PBXShellScriptBuildPhase;
			buildActionMask = 2147483647;
			files = (
			);
			inputFileListPaths = (
			);
			inputPaths = (
				"$(SRCROOT)/Carthage/Build/iOS/Kingfisher.framework",
				"$(SRCROOT)/Carthage/Build/iOS/Alamofire.framework",
				"$(SRCROOT)/Carthage/Build/iOS/SwiftSoup.framework",
				"$(SRCROOT)/Carthage/Build/iOS/OpenCastSwift.framework",
				"$(SRCROOT)/Carthage/Build/iOS/Result.framework",
				"$(SRCROOT)/Carthage/Build/iOS/SwiftProtobuf.framework",
				"$(SRCROOT)/Carthage/Build/iOS/SwiftyJSON.framework",
			);
			outputFileListPaths = (
			);
			outputPaths = (
				"$(BUILT_PRODUCTS_DIR)/$(FRAMEWORKS_FOLDER_PATH)/Kingfisher.framework",
				"$(BUILT_PRODUCTS_DIR)/$(FRAMEWORKS_FOLDER_PATH)/Alamofire.framework",
				"$(BUILT_PRODUCTS_DIR)/$(FRAMEWORKS_FOLDER_PATH)/SwiftSoup.framework",
				"$(BUILT_PRODUCTS_DIR)/$(FRAMEWORKS_FOLDER_PATH)/OpenCastSwift.framework",
				"$(BUILT_PRODUCTS_DIR)/$(FRAMEWORKS_FOLDER_PATH)/Result.framework",
				"$(BUILT_PRODUCTS_DIR)/$(FRAMEWORKS_FOLDER_PATH)/SwiftProtobuf.framework",
				"$(BUILT_PRODUCTS_DIR)/$(FRAMEWORKS_FOLDER_PATH)/SwiftyJSON.framework",
			);
			runOnlyForDeploymentPostprocessing = 0;
			shellPath = /bin/sh;
			shellScript = "/usr/local/bin/carthage copy-frameworks\n";
		};
		52F6A4F121DABBE60005D78D /* ShellScript */ = {
			isa = PBXShellScriptBuildPhase;
			buildActionMask = 2147483647;
			files = (
			);
			inputFileListPaths = (
			);
			inputPaths = (
			);
			outputFileListPaths = (
			);
			outputPaths = (
			);
			runOnlyForDeploymentPostprocessing = 0;
			shellPath = /bin/sh;
			shellScript = "if which swiftlint >/dev/null; then\n    swiftlint\nelse\n    echo \"warning: SwiftLint not installed, download from https://github.com/realm/SwiftLint\"\nfi\n";
		};
/* End PBXShellScriptBuildPhase section */

/* Begin PBXSourcesBuildPhase section */
		2C4ABC4C21B5881E009B4D47 /* Sources */ = {
			isa = PBXSourcesBuildPhase;
			buildActionMask = 2147483647;
			files = (
				2C91297321BB61BE00284FD0 /* RapidVideoParser.swift in Sources */,
				2CCC745C21C063EC0007502A /* SourceNineAnime.swift in Sources */,
				2CAA70D021CFF10B00F0D082 /* RootViewController.swift in Sources */,
				2C66779A21BC2671000E5ACC /* SearchResultViewController.swift in Sources */,
				2C6677B921BD9C2A000E5ACC /* RecentlyWatchedAnimeTableViewCell.swift in Sources */,
				2C6677AA21BD5F22000E5ACC /* RecentlyViewedTableViewController.swift in Sources */,
				2C4ABC8321B7401B009B4D47 /* AnimeLink.swift in Sources */,
				2C91297121BB60CD00284FD0 /* VideoProviderParser.swift in Sources */,
				2C12EDE021BDE7960064D2BD /* ApplicationNavigationController.swift in Sources */,
				2C4ABC8521B74A51009B4D47 /* Featured.swift in Sources */,
				2CCC746021C06D1B0007502A /* NineAnimeFeatured.swift in Sources */,
				2C91296B21BA1E0C00284FD0 /* ServerPickerTableViewCell.swift in Sources */,
				2C6677B221BD846A000E5ACC /* CMTime.swift in Sources */,
				2CCC746B21C098860007502A /* SearchMasterAnime.swift in Sources */,
				2C6677B021BD6DFE000E5ACC /* LastViewedEpisodeTableViewCell.swift in Sources */,
				2CCC746D21C172330007502A /* EpisodeMasterAnime.swift in Sources */,
				2CCC746921C0975A0007502A /* SourceMasterAnime.swift in Sources */,
				2C4ABC9A21B88F8C009B4D47 /* Anime.swift in Sources */,
				2C4ABC7921B59CC8009B4D47 /* NineAnimator.swift in Sources */,
				2CAA70D321CFF42A00F0D082 /* NativePlayerController.swift in Sources */,
				2C4ABC8821B753DD009B4D47 /* String+IntegerRangeSubstring.swift in Sources */,
				2C12EDCD21BDD4930064D2BD /* PlaybackMedia.swift in Sources */,
				2CCC746621C088980007502A /* NineAnimeEpisode.swift in Sources */,
				2C91297721BB867300284FD0 /* MyCloudParser.swift in Sources */,
				2CCC745E21C064800007502A /* NineAnimeSearch.swift in Sources */,
				2C12EDE921BE13920064D2BD /* GoogleCastDeviceTableViewCell.swift in Sources */,
				2C12EDDD21BDE6B20064D2BD /* HalfFillTransitionAnimator.swift in Sources */,
				2C4ABC9821B825A5009B4D47 /* AnimeViewController.swift in Sources */,
				2C4ABC7F21B6D69E009B4D47 /* UIView+BackgroundShadow.swift in Sources */,
				2C66779821BC2213000E5ACC /* SearchViewController.swift in Sources */,
				2C9C44FE21CD2B33004C8F0C /* SettingsRootTableViewController.swift in Sources */,
				2C91297521BB7A4200284FD0 /* StreamangoParser.swift in Sources */,
				2CCC745A21C060480007502A /* Source.swift in Sources */,
				2C12EDE721BDFFFF0064D2BD /* CastController.swift in Sources */,
				52CADD6721BD86F40077BEB1 /* UITableView+Extensions.swift in Sources */,
				2C12EDDE21BDE6B20064D2BD /* HalfFillTransitionDelegate.swift in Sources */,
				2C12EDDB21BDE6B20064D2BD /* HalfFillViewControllerProtocol.swift in Sources */,
				2C9C450021CD3067004C8F0C /* AboutNineAnimatorTableViewController.swift in Sources */,
				2C646F8C21C3245B00957A72 /* TiwiKiwiParser.swift in Sources */,
				2C4ABC7D21B6B3F2009B4D47 /* FeaturedAnimeTableViewCell.swift in Sources */,
				2C9C450221CD56B0004C8F0C /* Notifications.swift in Sources */,
				2C646F8A21C3125A00957A72 /* Mp4UploadParser.swift in Sources */,
				2C3545A521DA84F500321B18 /* NotificationManager.swift in Sources */,
				2C6677AC21BD5FE0000E5ACC /* NineAnimatorUser.swift in Sources */,
				2C66779C21BC294D000E5ACC /* SimpleAnimeTableViewCell.swift in Sources */,
				2C12EDDC21BDE6B20064D2BD /* HalfFillPresentationController.swift in Sources */,
				2C6677A021BC4664000E5ACC /* AnimeSearchResultTableViewCell.swift in Sources */,
				2C91296D21BAD10B00284FD0 /* EpisodeTableViewCell.swift in Sources */,
				2C6677B421BD8770000E5ACC /* EpisodeAccessoryProcessIndicator.swift in Sources */,
				2C17E08921D7D67000E3FD1F /* UnavailableTableViewCell.swift in Sources */,
				2C7BD23A21B9B4F400B29C90 /* Episode.swift in Sources */,
				526A018821BD7DB900A90385 /* AVPlayerItem+ProviderParsers.swift in Sources */,
				2C6677B621BD8FA1000E5ACC /* SearchNoResultsTableViewCell.swift in Sources */,
				2C4ABC7521B599A2009B4D47 /* FeaturedViewController.swift in Sources */,
				2C12EDE521BDE9DB0064D2BD /* GoogleCastMediaPlaybackViewController.swift in Sources */,
				2C4ABC5421B5881E009B4D47 /* AppDelegate.swift in Sources */,
				2C4ABC9021B76941009B4D47 /* RecentlyUpdatedAnimeTableViewCell.swift in Sources */,
				2CCC746421C07C700007502A /* NineAnimeAnime.swift in Sources */,
				2C91296921BA0FA600284FD0 /* AnimeDescriptionTableViewCell.swift in Sources */,
				2C66779E21BC36A5000E5ACC /* Search.swift in Sources */,
			);
			runOnlyForDeploymentPostprocessing = 0;
		};
		2C4ABC6021B5881F009B4D47 /* Sources */ = {
			isa = PBXSourcesBuildPhase;
			buildActionMask = 2147483647;
			files = (
				2C4ABC6921B5881F009B4D47 /* NineAnimatorUITests.swift in Sources */,
			);
			runOnlyForDeploymentPostprocessing = 0;
		};
/* End PBXSourcesBuildPhase section */

/* Begin PBXTargetDependency section */
		2C4ABC6621B5881F009B4D47 /* PBXTargetDependency */ = {
			isa = PBXTargetDependency;
			target = 2C4ABC4F21B5881E009B4D47 /* NineAnimator */;
			targetProxy = 2C4ABC6521B5881F009B4D47 /* PBXContainerItemProxy */;
		};
/* End PBXTargetDependency section */

/* Begin PBXVariantGroup section */
		2C12EDE121BDE9230064D2BD /* GoogleCastMediaControl.storyboard */ = {
			isa = PBXVariantGroup;
			children = (
				2C12EDE221BDE9230064D2BD /* Base */,
			);
			name = GoogleCastMediaControl.storyboard;
			sourceTree = "<group>";
		};
		2C4ABC5721B5881E009B4D47 /* Main.storyboard */ = {
			isa = PBXVariantGroup;
			children = (
				2C4ABC5821B5881E009B4D47 /* Base */,
			);
			name = Main.storyboard;
			sourceTree = "<group>";
		};
		2C4ABC5C21B5881F009B4D47 /* LaunchScreen.storyboard */ = {
			isa = PBXVariantGroup;
			children = (
				2C4ABC5D21B5881F009B4D47 /* Base */,
			);
			name = LaunchScreen.storyboard;
			sourceTree = "<group>";
		};
		2C4ABC8C21B76010009B4D47 /* AnimePlayer.storyboard */ = {
			isa = PBXVariantGroup;
			children = (
				2C4ABC8D21B76010009B4D47 /* Base */,
			);
			name = AnimePlayer.storyboard;
			sourceTree = "<group>";
		};
		2C9C44F921CD2405004C8F0C /* Settings.storyboard */ = {
			isa = PBXVariantGroup;
			children = (
				2C9C44FA21CD2405004C8F0C /* Base */,
			);
			name = Settings.storyboard;
			sourceTree = "<group>";
		};
/* End PBXVariantGroup section */

/* Begin XCBuildConfiguration section */
		2C4ABC6B21B5881F009B4D47 /* Debug */ = {
			isa = XCBuildConfiguration;
			buildSettings = {
				ALWAYS_SEARCH_USER_PATHS = NO;
				CLANG_ANALYZER_NONNULL = YES;
				CLANG_ANALYZER_NUMBER_OBJECT_CONVERSION = YES_AGGRESSIVE;
				CLANG_CXX_LANGUAGE_STANDARD = "gnu++14";
				CLANG_CXX_LIBRARY = "libc++";
				CLANG_ENABLE_MODULES = YES;
				CLANG_ENABLE_OBJC_ARC = YES;
				CLANG_ENABLE_OBJC_WEAK = YES;
				CLANG_WARN_BLOCK_CAPTURE_AUTORELEASING = YES;
				CLANG_WARN_BOOL_CONVERSION = YES;
				CLANG_WARN_COMMA = YES;
				CLANG_WARN_CONSTANT_CONVERSION = YES;
				CLANG_WARN_DEPRECATED_OBJC_IMPLEMENTATIONS = YES;
				CLANG_WARN_DIRECT_OBJC_ISA_USAGE = YES_ERROR;
				CLANG_WARN_DOCUMENTATION_COMMENTS = YES;
				CLANG_WARN_EMPTY_BODY = YES;
				CLANG_WARN_ENUM_CONVERSION = YES;
				CLANG_WARN_INFINITE_RECURSION = YES;
				CLANG_WARN_INT_CONVERSION = YES;
				CLANG_WARN_NON_LITERAL_NULL_CONVERSION = YES;
				CLANG_WARN_OBJC_IMPLICIT_RETAIN_SELF = YES;
				CLANG_WARN_OBJC_LITERAL_CONVERSION = YES;
				CLANG_WARN_OBJC_ROOT_CLASS = YES_ERROR;
				CLANG_WARN_RANGE_LOOP_ANALYSIS = YES;
				CLANG_WARN_STRICT_PROTOTYPES = YES;
				CLANG_WARN_SUSPICIOUS_MOVE = YES;
				CLANG_WARN_UNGUARDED_AVAILABILITY = YES_AGGRESSIVE;
				CLANG_WARN_UNREACHABLE_CODE = YES;
				CLANG_WARN__DUPLICATE_METHOD_MATCH = YES;
				CODE_SIGN_IDENTITY = "iPhone Developer";
				COPY_PHASE_STRIP = NO;
				DEBUG_INFORMATION_FORMAT = dwarf;
				ENABLE_STRICT_OBJC_MSGSEND = YES;
				ENABLE_TESTABILITY = YES;
				GCC_C_LANGUAGE_STANDARD = gnu11;
				GCC_DYNAMIC_NO_PIC = NO;
				GCC_NO_COMMON_BLOCKS = YES;
				GCC_OPTIMIZATION_LEVEL = 0;
				GCC_PREPROCESSOR_DEFINITIONS = (
					"DEBUG=1",
					"$(inherited)",
				);
				GCC_WARN_64_TO_32_BIT_CONVERSION = YES;
				GCC_WARN_ABOUT_RETURN_TYPE = YES_ERROR;
				GCC_WARN_UNDECLARED_SELECTOR = YES;
				GCC_WARN_UNINITIALIZED_AUTOS = YES_AGGRESSIVE;
				GCC_WARN_UNUSED_FUNCTION = YES;
				GCC_WARN_UNUSED_VARIABLE = YES;
				IPHONEOS_DEPLOYMENT_TARGET = 12.1;
				MTL_ENABLE_DEBUG_INFO = INCLUDE_SOURCE;
				MTL_FAST_MATH = YES;
				ONLY_ACTIVE_ARCH = YES;
				SDKROOT = iphoneos;
				SWIFT_ACTIVE_COMPILATION_CONDITIONS = DEBUG;
				SWIFT_OPTIMIZATION_LEVEL = "-Onone";
			};
			name = Debug;
		};
		2C4ABC6C21B5881F009B4D47 /* Release */ = {
			isa = XCBuildConfiguration;
			buildSettings = {
				ALWAYS_SEARCH_USER_PATHS = NO;
				CLANG_ANALYZER_NONNULL = YES;
				CLANG_ANALYZER_NUMBER_OBJECT_CONVERSION = YES_AGGRESSIVE;
				CLANG_CXX_LANGUAGE_STANDARD = "gnu++14";
				CLANG_CXX_LIBRARY = "libc++";
				CLANG_ENABLE_MODULES = YES;
				CLANG_ENABLE_OBJC_ARC = YES;
				CLANG_ENABLE_OBJC_WEAK = YES;
				CLANG_WARN_BLOCK_CAPTURE_AUTORELEASING = YES;
				CLANG_WARN_BOOL_CONVERSION = YES;
				CLANG_WARN_COMMA = YES;
				CLANG_WARN_CONSTANT_CONVERSION = YES;
				CLANG_WARN_DEPRECATED_OBJC_IMPLEMENTATIONS = YES;
				CLANG_WARN_DIRECT_OBJC_ISA_USAGE = YES_ERROR;
				CLANG_WARN_DOCUMENTATION_COMMENTS = YES;
				CLANG_WARN_EMPTY_BODY = YES;
				CLANG_WARN_ENUM_CONVERSION = YES;
				CLANG_WARN_INFINITE_RECURSION = YES;
				CLANG_WARN_INT_CONVERSION = YES;
				CLANG_WARN_NON_LITERAL_NULL_CONVERSION = YES;
				CLANG_WARN_OBJC_IMPLICIT_RETAIN_SELF = YES;
				CLANG_WARN_OBJC_LITERAL_CONVERSION = YES;
				CLANG_WARN_OBJC_ROOT_CLASS = YES_ERROR;
				CLANG_WARN_RANGE_LOOP_ANALYSIS = YES;
				CLANG_WARN_STRICT_PROTOTYPES = YES;
				CLANG_WARN_SUSPICIOUS_MOVE = YES;
				CLANG_WARN_UNGUARDED_AVAILABILITY = YES_AGGRESSIVE;
				CLANG_WARN_UNREACHABLE_CODE = YES;
				CLANG_WARN__DUPLICATE_METHOD_MATCH = YES;
				CODE_SIGN_IDENTITY = "iPhone Developer";
				COPY_PHASE_STRIP = NO;
				DEBUG_INFORMATION_FORMAT = "dwarf-with-dsym";
				ENABLE_NS_ASSERTIONS = NO;
				ENABLE_STRICT_OBJC_MSGSEND = YES;
				GCC_C_LANGUAGE_STANDARD = gnu11;
				GCC_NO_COMMON_BLOCKS = YES;
				GCC_WARN_64_TO_32_BIT_CONVERSION = YES;
				GCC_WARN_ABOUT_RETURN_TYPE = YES_ERROR;
				GCC_WARN_UNDECLARED_SELECTOR = YES;
				GCC_WARN_UNINITIALIZED_AUTOS = YES_AGGRESSIVE;
				GCC_WARN_UNUSED_FUNCTION = YES;
				GCC_WARN_UNUSED_VARIABLE = YES;
				IPHONEOS_DEPLOYMENT_TARGET = 12.1;
				MTL_ENABLE_DEBUG_INFO = NO;
				MTL_FAST_MATH = YES;
				SDKROOT = iphoneos;
				SWIFT_COMPILATION_MODE = wholemodule;
				SWIFT_OPTIMIZATION_LEVEL = "-O";
				VALIDATE_PRODUCT = YES;
			};
			name = Release;
		};
		2C4ABC6E21B5881F009B4D47 /* Debug */ = {
			isa = XCBuildConfiguration;
			buildSettings = {
				ASSETCATALOG_COMPILER_APPICON_NAME = AppIcon;
				CODE_SIGN_STYLE = Automatic;
				DEVELOPMENT_TEAM = 8WB2V923XT;
				FRAMEWORK_SEARCH_PATHS = (
					"$(inherited)",
					"$(PROJECT_DIR)/Carthage/Build/iOS",
				);
				INFOPLIST_FILE = NineAnimator/Info.plist;
				LD_RUNPATH_SEARCH_PATHS = (
					"$(inherited)",
					"@executable_path/Frameworks",
				);
				PRODUCT_BUNDLE_IDENTIFIER = com.marcuszhou.NineAnimator;
				PRODUCT_NAME = "$(TARGET_NAME)";
				SWIFT_VERSION = 4.2;
				TARGETED_DEVICE_FAMILY = "1,2";
			};
			name = Debug;
		};
		2C4ABC6F21B5881F009B4D47 /* Release */ = {
			isa = XCBuildConfiguration;
			buildSettings = {
				ASSETCATALOG_COMPILER_APPICON_NAME = AppIcon;
				CODE_SIGN_STYLE = Automatic;
				DEVELOPMENT_TEAM = 8WB2V923XT;
				FRAMEWORK_SEARCH_PATHS = (
					"$(inherited)",
					"$(PROJECT_DIR)/Carthage/Build/iOS",
				);
				INFOPLIST_FILE = NineAnimator/Info.plist;
				LD_RUNPATH_SEARCH_PATHS = (
					"$(inherited)",
					"@executable_path/Frameworks",
				);
				PRODUCT_BUNDLE_IDENTIFIER = com.marcuszhou.NineAnimator;
				PRODUCT_NAME = "$(TARGET_NAME)";
				SWIFT_VERSION = 4.2;
				TARGETED_DEVICE_FAMILY = "1,2";
			};
			name = Release;
		};
		2C4ABC7121B5881F009B4D47 /* Debug */ = {
			isa = XCBuildConfiguration;
			buildSettings = {
				ALWAYS_EMBED_SWIFT_STANDARD_LIBRARIES = YES;
				CODE_SIGN_STYLE = Automatic;
				DEVELOPMENT_TEAM = 8WB2V923XT;
				INFOPLIST_FILE = NineAnimatorUITests/Info.plist;
				LD_RUNPATH_SEARCH_PATHS = (
					"$(inherited)",
					"@executable_path/Frameworks",
					"@loader_path/Frameworks",
				);
				PRODUCT_BUNDLE_IDENTIFIER = com.marcuszhou.NineAnimatorUITests;
				PRODUCT_NAME = "$(TARGET_NAME)";
				SWIFT_VERSION = 4.2;
				TARGETED_DEVICE_FAMILY = "1,2";
				TEST_TARGET_NAME = NineAnimator;
			};
			name = Debug;
		};
		2C4ABC7221B5881F009B4D47 /* Release */ = {
			isa = XCBuildConfiguration;
			buildSettings = {
				ALWAYS_EMBED_SWIFT_STANDARD_LIBRARIES = YES;
				CODE_SIGN_STYLE = Automatic;
				DEVELOPMENT_TEAM = 8WB2V923XT;
				INFOPLIST_FILE = NineAnimatorUITests/Info.plist;
				LD_RUNPATH_SEARCH_PATHS = (
					"$(inherited)",
					"@executable_path/Frameworks",
					"@loader_path/Frameworks",
				);
				PRODUCT_BUNDLE_IDENTIFIER = com.marcuszhou.NineAnimatorUITests;
				PRODUCT_NAME = "$(TARGET_NAME)";
				SWIFT_VERSION = 4.2;
				TARGETED_DEVICE_FAMILY = "1,2";
				TEST_TARGET_NAME = NineAnimator;
			};
			name = Release;
		};
/* End XCBuildConfiguration section */

/* Begin XCConfigurationList section */
		2C4ABC4B21B5881E009B4D47 /* Build configuration list for PBXProject "NineAnimator" */ = {
			isa = XCConfigurationList;
			buildConfigurations = (
				2C4ABC6B21B5881F009B4D47 /* Debug */,
				2C4ABC6C21B5881F009B4D47 /* Release */,
			);
			defaultConfigurationIsVisible = 0;
			defaultConfigurationName = Release;
		};
		2C4ABC6D21B5881F009B4D47 /* Build configuration list for PBXNativeTarget "NineAnimator" */ = {
			isa = XCConfigurationList;
			buildConfigurations = (
				2C4ABC6E21B5881F009B4D47 /* Debug */,
				2C4ABC6F21B5881F009B4D47 /* Release */,
			);
			defaultConfigurationIsVisible = 0;
			defaultConfigurationName = Release;
		};
		2C4ABC7021B5881F009B4D47 /* Build configuration list for PBXNativeTarget "NineAnimatorUITests" */ = {
			isa = XCConfigurationList;
			buildConfigurations = (
				2C4ABC7121B5881F009B4D47 /* Debug */,
				2C4ABC7221B5881F009B4D47 /* Release */,
			);
			defaultConfigurationIsVisible = 0;
			defaultConfigurationName = Release;
		};
/* End XCConfigurationList section */
	};
	rootObject = 2C4ABC4821B5881E009B4D47 /* Project object */;
}
