// !$*UTF8*$!
{
	archiveVersion = 1;
	classes = {
	};
	objectVersion = 50;
	objects = {

/* Begin PBXBuildFile section */
		2C4ABC5421B5881E009B4D47 /* AppDelegate.swift in Sources */ = {isa = PBXBuildFile; fileRef = 2C4ABC5321B5881E009B4D47 /* AppDelegate.swift */; };
		2C4ABC5621B5881E009B4D47 /* ViewController.swift in Sources */ = {isa = PBXBuildFile; fileRef = 2C4ABC5521B5881E009B4D47 /* ViewController.swift */; };
		2C4ABC5921B5881E009B4D47 /* Main.storyboard in Resources */ = {isa = PBXBuildFile; fileRef = 2C4ABC5721B5881E009B4D47 /* Main.storyboard */; };
		2C4ABC5B21B5881F009B4D47 /* Assets.xcassets in Resources */ = {isa = PBXBuildFile; fileRef = 2C4ABC5A21B5881F009B4D47 /* Assets.xcassets */; };
		2C4ABC5E21B5881F009B4D47 /* LaunchScreen.storyboard in Resources */ = {isa = PBXBuildFile; fileRef = 2C4ABC5C21B5881F009B4D47 /* LaunchScreen.storyboard */; };
		2C4ABC6921B5881F009B4D47 /* NineAnimatorUITests.swift in Sources */ = {isa = PBXBuildFile; fileRef = 2C4ABC6821B5881F009B4D47 /* NineAnimatorUITests.swift */; };
/* End PBXBuildFile section */

/* Begin PBXContainerItemProxy section */
		2C4ABC6521B5881F009B4D47 /* PBXContainerItemProxy */ = {
			isa = PBXContainerItemProxy;
			containerPortal = 2C4ABC4821B5881E009B4D47 /* Project object */;
			proxyType = 1;
			remoteGlobalIDString = 2C4ABC4F21B5881E009B4D47;
			remoteInfo = NineAnimator;
		};
/* End PBXContainerItemProxy section */

/* Begin PBXFileReference section */
		2C4ABC5021B5881E009B4D47 /* NineAnimator.app */ = {isa = PBXFileReference; explicitFileType = wrapper.application; includeInIndex = 0; path = NineAnimator.app; sourceTree = BUILT_PRODUCTS_DIR; };
		2C4ABC5321B5881E009B4D47 /* AppDelegate.swift */ = {isa = PBXFileReference; lastKnownFileType = sourcecode.swift; path = AppDelegate.swift; sourceTree = "<group>"; };
		2C4ABC5521B5881E009B4D47 /* ViewController.swift */ = {isa = PBXFileReference; lastKnownFileType = sourcecode.swift; path = ViewController.swift; sourceTree = "<group>"; };
		2C4ABC5821B5881E009B4D47 /* Base */ = {isa = PBXFileReference; lastKnownFileType = file.storyboard; name = Base; path = Base.lproj/Main.storyboard; sourceTree = "<group>"; };
		2C4ABC5A21B5881F009B4D47 /* Assets.xcassets */ = {isa = PBXFileReference; lastKnownFileType = folder.assetcatalog; path = Assets.xcassets; sourceTree = "<group>"; };
		2C4ABC5D21B5881F009B4D47 /* Base */ = {isa = PBXFileReference; lastKnownFileType = file.storyboard; name = Base; path = Base.lproj/LaunchScreen.storyboard; sourceTree = "<group>"; };
		2C4ABC5F21B5881F009B4D47 /* Info.plist */ = {isa = PBXFileReference; lastKnownFileType = text.plist.xml; path = Info.plist; sourceTree = "<group>"; };
		2C4ABC6421B5881F009B4D47 /* NineAnimatorUITests.xctest */ = {isa = PBXFileReference; explicitFileType = wrapper.cfbundle; includeInIndex = 0; path = NineAnimatorUITests.xctest; sourceTree = BUILT_PRODUCTS_DIR; };
		2C4ABC6821B5881F009B4D47 /* NineAnimatorUITests.swift */ = {isa = PBXFileReference; lastKnownFileType = sourcecode.swift; path = NineAnimatorUITests.swift; sourceTree = "<group>"; };
		2C4ABC6A21B5881F009B4D47 /* Info.plist */ = {isa = PBXFileReference; lastKnownFileType = text.plist.xml; path = Info.plist; sourceTree = "<group>"; };
/* End PBXFileReference section */

/* Begin PBXFrameworksBuildPhase section */
		2C4ABC4D21B5881E009B4D47 /* Frameworks */ = {
			isa = PBXFrameworksBuildPhase;
			buildActionMask = 2147483647;
			files = (
			);
			runOnlyForDeploymentPostprocessing = 0;
		};
		2C4ABC6121B5881F009B4D47 /* Frameworks */ = {
			isa = PBXFrameworksBuildPhase;
			buildActionMask = 2147483647;
			files = (
			);
			runOnlyForDeploymentPostprocessing = 0;
		};
/* End PBXFrameworksBuildPhase section */

/* Begin PBXGroup section */
		2C4ABC4721B5881E009B4D47 = {
			isa = PBXGroup;
			children = (
				2C4ABC5221B5881E009B4D47 /* NineAnimator */,
				2C4ABC6721B5881F009B4D47 /* NineAnimatorUITests */,
				2C4ABC5121B5881E009B4D47 /* Products */,
			);
			sourceTree = "<group>";
		};
		2C4ABC5121B5881E009B4D47 /* Products */ = {
			isa = PBXGroup;
			children = (
				2C4ABC5021B5881E009B4D47 /* NineAnimator.app */,
				2C4ABC6421B5881F009B4D47 /* NineAnimatorUITests.xctest */,
			);
			name = Products;
			sourceTree = "<group>";
		};
		2C4ABC5221B5881E009B4D47 /* NineAnimator */ = {
			isa = PBXGroup;
			children = (
				2C4ABC5321B5881E009B4D47 /* AppDelegate.swift */,
				2C4ABC5521B5881E009B4D47 /* ViewController.swift */,
				2C4ABC5721B5881E009B4D47 /* Main.storyboard */,
				2C4ABC5A21B5881F009B4D47 /* Assets.xcassets */,
				2C4ABC5C21B5881F009B4D47 /* LaunchScreen.storyboard */,
				2C4ABC5F21B5881F009B4D47 /* Info.plist */,
			);
			path = NineAnimator;
			sourceTree = "<group>";
		};
		2C4ABC6721B5881F009B4D47 /* NineAnimatorUITests */ = {
			isa = PBXGroup;
			children = (
				2C4ABC6821B5881F009B4D47 /* NineAnimatorUITests.swift */,
				2C4ABC6A21B5881F009B4D47 /* Info.plist */,
			);
			path = NineAnimatorUITests;
			sourceTree = "<group>";
		};
/* End PBXGroup section */

/* Begin PBXNativeTarget section */
		2C4ABC4F21B5881E009B4D47 /* NineAnimator */ = {
			isa = PBXNativeTarget;
			buildConfigurationList = 2C4ABC6D21B5881F009B4D47 /* Build configuration list for PBXNativeTarget "NineAnimator" */;
			buildPhases = (
				2C4ABC4C21B5881E009B4D47 /* Sources */,
				2C4ABC4D21B5881E009B4D47 /* Frameworks */,
				2C4ABC4E21B5881E009B4D47 /* Resources */,
			);
			buildRules = (
			);
			dependencies = (
			);
			name = NineAnimator;
			productName = NineAnimator;
			productReference = 2C4ABC5021B5881E009B4D47 /* NineAnimator.app */;
			productType = "com.apple.product-type.application";
		};
		2C4ABC6321B5881F009B4D47 /* NineAnimatorUITests */ = {
			isa = PBXNativeTarget;
			buildConfigurationList = 2C4ABC7021B5881F009B4D47 /* Build configuration list for PBXNativeTarget "NineAnimatorUITests" */;
			buildPhases = (
				2C4ABC6021B5881F009B4D47 /* Sources */,
				2C4ABC6121B5881F009B4D47 /* Frameworks */,
				2C4ABC6221B5881F009B4D47 /* Resources */,
			);
			buildRules = (
			);
			dependencies = (
				2C4ABC6621B5881F009B4D47 /* PBXTargetDependency */,
			);
			name = NineAnimatorUITests;
			productName = NineAnimatorUITests;
			productReference = 2C4ABC6421B5881F009B4D47 /* NineAnimatorUITests.xctest */;
			productType = "com.apple.product-type.bundle.ui-testing";
		};
/* End PBXNativeTarget section */

/* Begin PBXProject section */
		2C4ABC4821B5881E009B4D47 /* Project object */ = {
			isa = PBXProject;
			attributes = {
				LastSwiftUpdateCheck = 1010;
				LastUpgradeCheck = 1010;
				ORGANIZATIONNAME = "Marcus Zhou";
				TargetAttributes = {
					2C4ABC4F21B5881E009B4D47 = {
						CreatedOnToolsVersion = 10.1;
					};
					2C4ABC6321B5881F009B4D47 = {
						CreatedOnToolsVersion = 10.1;
						TestTargetID = 2C4ABC4F21B5881E009B4D47;
					};
				};
			};
			buildConfigurationList = 2C4ABC4B21B5881E009B4D47 /* Build configuration list for PBXProject "NineAnimator" */;
			compatibilityVersion = "Xcode 9.3";
			developmentRegion = en;
			hasScannedForEncodings = 0;
			knownRegions = (
				en,
				Base,
			);
			mainGroup = 2C4ABC4721B5881E009B4D47;
			productRefGroup = 2C4ABC5121B5881E009B4D47 /* Products */;
			projectDirPath = "";
			projectRoot = "";
			targets = (
				2C4ABC4F21B5881E009B4D47 /* NineAnimator */,
				2C4ABC6321B5881F009B4D47 /* NineAnimatorUITests */,
			);
		};
/* End PBXProject section */

/* Begin PBXResourcesBuildPhase section */
		2C4ABC4E21B5881E009B4D47 /* Resources */ = {
			isa = PBXResourcesBuildPhase;
			buildActionMask = 2147483647;
			files = (
				2C4ABC5E21B5881F009B4D47 /* LaunchScreen.storyboard in Resources */,
				2C4ABC5B21B5881F009B4D47 /* Assets.xcassets in Resources */,
				2C4ABC5921B5881E009B4D47 /* Main.storyboard in Resources */,
			);
			runOnlyForDeploymentPostprocessing = 0;
		};
		2C4ABC6221B5881F009B4D47 /* Resources */ = {
			isa = PBXResourcesBuildPhase;
			buildActionMask = 2147483647;
			files = (
			);
			runOnlyForDeploymentPostprocessing = 0;
		};
/* End PBXResourcesBuildPhase section */

/* Begin PBXSourcesBuildPhase section */
		2C4ABC4C21B5881E009B4D47 /* Sources */ = {
			isa = PBXSourcesBuildPhase;
			buildActionMask = 2147483647;
			files = (
				2C4ABC5621B5881E009B4D47 /* ViewController.swift in Sources */,
				2C4ABC5421B5881E009B4D47 /* AppDelegate.swift in Sources */,
			);
			runOnlyForDeploymentPostprocessing = 0;
		};
		2C4ABC6021B5881F009B4D47 /* Sources */ = {
			isa = PBXSourcesBuildPhase;
			buildActionMask = 2147483647;
			files = (
				2C4ABC6921B5881F009B4D47 /* NineAnimatorUITests.swift in Sources */,
			);
			runOnlyForDeploymentPostprocessing = 0;
		};
/* End PBXSourcesBuildPhase section */

/* Begin PBXTargetDependency section */
		2C4ABC6621B5881F009B4D47 /* PBXTargetDependency */ = {
			isa = PBXTargetDependency;
			target = 2C4ABC4F21B5881E009B4D47 /* NineAnimator */;
			targetProxy = 2C4ABC6521B5881F009B4D47 /* PBXContainerItemProxy */;
		};
/* End PBXTargetDependency section */

/* Begin PBXVariantGroup section */
		2C4ABC5721B5881E009B4D47 /* Main.storyboard */ = {
			isa = PBXVariantGroup;
			children = (
				2C4ABC5821B5881E009B4D47 /* Base */,
			);
			name = Main.storyboard;
			sourceTree = "<group>";
		};
		2C4ABC5C21B5881F009B4D47 /* LaunchScreen.storyboard */ = {
			isa = PBXVariantGroup;
			children = (
				2C4ABC5D21B5881F009B4D47 /* Base */,
			);
			name = LaunchScreen.storyboard;
			sourceTree = "<group>";
		};
/* End PBXVariantGroup section */

/* Begin XCBuildConfiguration section */
		2C4ABC6B21B5881F009B4D47 /* Debug */ = {
			isa = XCBuildConfiguration;
			buildSettings = {
				ALWAYS_SEARCH_USER_PATHS = NO;
				CLANG_ANALYZER_NONNULL = YES;
				CLANG_ANALYZER_NUMBER_OBJECT_CONVERSION = YES_AGGRESSIVE;
				CLANG_CXX_LANGUAGE_STANDARD = "gnu++14";
				CLANG_CXX_LIBRARY = "libc++";
				CLANG_ENABLE_MODULES = YES;
				CLANG_ENABLE_OBJC_ARC = YES;
				CLANG_ENABLE_OBJC_WEAK = YES;
				CLANG_WARN_BLOCK_CAPTURE_AUTORELEASING = YES;
				CLANG_WARN_BOOL_CONVERSION = YES;
				CLANG_WARN_COMMA = YES;
				CLANG_WARN_CONSTANT_CONVERSION = YES;
				CLANG_WARN_DEPRECATED_OBJC_IMPLEMENTATIONS = YES;
				CLANG_WARN_DIRECT_OBJC_ISA_USAGE = YES_ERROR;
				CLANG_WARN_DOCUMENTATION_COMMENTS = YES;
				CLANG_WARN_EMPTY_BODY = YES;
				CLANG_WARN_ENUM_CONVERSION = YES;
				CLANG_WARN_INFINITE_RECURSION = YES;
				CLANG_WARN_INT_CONVERSION = YES;
				CLANG_WARN_NON_LITERAL_NULL_CONVERSION = YES;
				CLANG_WARN_OBJC_IMPLICIT_RETAIN_SELF = YES;
				CLANG_WARN_OBJC_LITERAL_CONVERSION = YES;
				CLANG_WARN_OBJC_ROOT_CLASS = YES_ERROR;
				CLANG_WARN_RANGE_LOOP_ANALYSIS = YES;
				CLANG_WARN_STRICT_PROTOTYPES = YES;
				CLANG_WARN_SUSPICIOUS_MOVE = YES;
				CLANG_WARN_UNGUARDED_AVAILABILITY = YES_AGGRESSIVE;
				CLANG_WARN_UNREACHABLE_CODE = YES;
				CLANG_WARN__DUPLICATE_METHOD_MATCH = YES;
				CODE_SIGN_IDENTITY = "iPhone Developer";
				COPY_PHASE_STRIP = NO;
				DEBUG_INFORMATION_FORMAT = dwarf;
				ENABLE_STRICT_OBJC_MSGSEND = YES;
				ENABLE_TESTABILITY = YES;
				GCC_C_LANGUAGE_STANDARD = gnu11;
				GCC_DYNAMIC_NO_PIC = NO;
				GCC_NO_COMMON_BLOCKS = YES;
				GCC_OPTIMIZATION_LEVEL = 0;
				GCC_PREPROCESSOR_DEFINITIONS = (
					"DEBUG=1",
					"$(inherited)",
				);
				GCC_WARN_64_TO_32_BIT_CONVERSION = YES;
				GCC_WARN_ABOUT_RETURN_TYPE = YES_ERROR;
				GCC_WARN_UNDECLARED_SELECTOR = YES;
				GCC_WARN_UNINITIALIZED_AUTOS = YES_AGGRESSIVE;
				GCC_WARN_UNUSED_FUNCTION = YES;
				GCC_WARN_UNUSED_VARIABLE = YES;
				IPHONEOS_DEPLOYMENT_TARGET = 12.1;
				MTL_ENABLE_DEBUG_INFO = INCLUDE_SOURCE;
				MTL_FAST_MATH = YES;
				ONLY_ACTIVE_ARCH = YES;
				SDKROOT = iphoneos;
				SWIFT_ACTIVE_COMPILATION_CONDITIONS = DEBUG;
				SWIFT_OPTIMIZATION_LEVEL = "-Onone";
			};
			name = Debug;
		};
		2C4ABC6C21B5881F009B4D47 /* Release */ = {
			isa = XCBuildConfiguration;
			buildSettings = {
				ALWAYS_SEARCH_USER_PATHS = NO;
				CLANG_ANALYZER_NONNULL = YES;
				CLANG_ANALYZER_NUMBER_OBJECT_CONVERSION = YES_AGGRESSIVE;
				CLANG_CXX_LANGUAGE_STANDARD = "gnu++14";
				CLANG_CXX_LIBRARY = "libc++";
				CLANG_ENABLE_MODULES = YES;
				CLANG_ENABLE_OBJC_ARC = YES;
				CLANG_ENABLE_OBJC_WEAK = YES;
				CLANG_WARN_BLOCK_CAPTURE_AUTORELEASING = YES;
				CLANG_WARN_BOOL_CONVERSION = YES;
				CLANG_WARN_COMMA = YES;
				CLANG_WARN_CONSTANT_CONVERSION = YES;
				CLANG_WARN_DEPRECATED_OBJC_IMPLEMENTATIONS = YES;
				CLANG_WARN_DIRECT_OBJC_ISA_USAGE = YES_ERROR;
				CLANG_WARN_DOCUMENTATION_COMMENTS = YES;
				CLANG_WARN_EMPTY_BODY = YES;
				CLANG_WARN_ENUM_CONVERSION = YES;
				CLANG_WARN_INFINITE_RECURSION = YES;
				CLANG_WARN_INT_CONVERSION = YES;
				CLANG_WARN_NON_LITERAL_NULL_CONVERSION = YES;
				CLANG_WARN_OBJC_IMPLICIT_RETAIN_SELF = YES;
				CLANG_WARN_OBJC_LITERAL_CONVERSION = YES;
				CLANG_WARN_OBJC_ROOT_CLASS = YES_ERROR;
				CLANG_WARN_RANGE_LOOP_ANALYSIS = YES;
				CLANG_WARN_STRICT_PROTOTYPES = YES;
				CLANG_WARN_SUSPICIOUS_MOVE = YES;
				CLANG_WARN_UNGUARDED_AVAILABILITY = YES_AGGRESSIVE;
				CLANG_WARN_UNREACHABLE_CODE = YES;
				CLANG_WARN__DUPLICATE_METHOD_MATCH = YES;
				CODE_SIGN_IDENTITY = "iPhone Developer";
				COPY_PHASE_STRIP = NO;
				DEBUG_INFORMATION_FORMAT = "dwarf-with-dsym";
				ENABLE_NS_ASSERTIONS = NO;
				ENABLE_STRICT_OBJC_MSGSEND = YES;
				GCC_C_LANGUAGE_STANDARD = gnu11;
				GCC_NO_COMMON_BLOCKS = YES;
				GCC_WARN_64_TO_32_BIT_CONVERSION = YES;
				GCC_WARN_ABOUT_RETURN_TYPE = YES_ERROR;
				GCC_WARN_UNDECLARED_SELECTOR = YES;
				GCC_WARN_UNINITIALIZED_AUTOS = YES_AGGRESSIVE;
				GCC_WARN_UNUSED_FUNCTION = YES;
				GCC_WARN_UNUSED_VARIABLE = YES;
				IPHONEOS_DEPLOYMENT_TARGET = 12.1;
				MTL_ENABLE_DEBUG_INFO = NO;
				MTL_FAST_MATH = YES;
				SDKROOT = iphoneos;
				SWIFT_COMPILATION_MODE = wholemodule;
				SWIFT_OPTIMIZATION_LEVEL = "-O";
				VALIDATE_PRODUCT = YES;
			};
			name = Release;
		};
		2C4ABC6E21B5881F009B4D47 /* Debug */ = {
			isa = XCBuildConfiguration;
			buildSettings = {
				ASSETCATALOG_COMPILER_APPICON_NAME = AppIcon;
				CODE_SIGN_STYLE = Automatic;
				DEVELOPMENT_TEAM = 8WB2V923XT;
				INFOPLIST_FILE = NineAnimator/Info.plist;
				LD_RUNPATH_SEARCH_PATHS = (
					"$(inherited)",
					"@executable_path/Frameworks",
				);
				PRODUCT_BUNDLE_IDENTIFIER = com.marcuszhou.NineAnimator;
				PRODUCT_NAME = "$(TARGET_NAME)";
				SWIFT_VERSION = 4.2;
				TARGETED_DEVICE_FAMILY = "1,2";
			};
			name = Debug;
		};
		2C4ABC6F21B5881F009B4D47 /* Release */ = {
			isa = XCBuildConfiguration;
			buildSettings = {
				ASSETCATALOG_COMPILER_APPICON_NAME = AppIcon;
				CODE_SIGN_STYLE = Automatic;
				DEVELOPMENT_TEAM = 8WB2V923XT;
				INFOPLIST_FILE = NineAnimator/Info.plist;
				LD_RUNPATH_SEARCH_PATHS = (
					"$(inherited)",
					"@executable_path/Frameworks",
				);
				PRODUCT_BUNDLE_IDENTIFIER = com.marcuszhou.NineAnimator;
				PRODUCT_NAME = "$(TARGET_NAME)";
				SWIFT_VERSION = 4.2;
				TARGETED_DEVICE_FAMILY = "1,2";
			};
			name = Release;
		};
		2C4ABC7121B5881F009B4D47 /* Debug */ = {
			isa = XCBuildConfiguration;
			buildSettings = {
				ALWAYS_EMBED_SWIFT_STANDARD_LIBRARIES = YES;
				CODE_SIGN_STYLE = Automatic;
				DEVELOPMENT_TEAM = 8WB2V923XT;
				INFOPLIST_FILE = NineAnimatorUITests/Info.plist;
				LD_RUNPATH_SEARCH_PATHS = (
					"$(inherited)",
					"@executable_path/Frameworks",
					"@loader_path/Frameworks",
				);
				PRODUCT_BUNDLE_IDENTIFIER = com.marcuszhou.NineAnimatorUITests;
				PRODUCT_NAME = "$(TARGET_NAME)";
				SWIFT_VERSION = 4.2;
				TARGETED_DEVICE_FAMILY = "1,2";
				TEST_TARGET_NAME = NineAnimator;
			};
			name = Debug;
		};
		2C4ABC7221B5881F009B4D47 /* Release */ = {
			isa = XCBuildConfiguration;
			buildSettings = {
				ALWAYS_EMBED_SWIFT_STANDARD_LIBRARIES = YES;
				CODE_SIGN_STYLE = Automatic;
				DEVELOPMENT_TEAM = 8WB2V923XT;
				INFOPLIST_FILE = NineAnimatorUITests/Info.plist;
				LD_RUNPATH_SEARCH_PATHS = (
					"$(inherited)",
					"@executable_path/Frameworks",
					"@loader_path/Frameworks",
				);
				PRODUCT_BUNDLE_IDENTIFIER = com.marcuszhou.NineAnimatorUITests;
				PRODUCT_NAME = "$(TARGET_NAME)";
				SWIFT_VERSION = 4.2;
				TARGETED_DEVICE_FAMILY = "1,2";
				TEST_TARGET_NAME = NineAnimator;
			};
			name = Release;
		};
/* End XCBuildConfiguration section */

/* Begin XCConfigurationList section */
		2C4ABC4B21B5881E009B4D47 /* Build configuration list for PBXProject "NineAnimator" */ = {
			isa = XCConfigurationList;
			buildConfigurations = (
				2C4ABC6B21B5881F009B4D47 /* Debug */,
				2C4ABC6C21B5881F009B4D47 /* Release */,
			);
			defaultConfigurationIsVisible = 0;
			defaultConfigurationName = Release;
		};
		2C4ABC6D21B5881F009B4D47 /* Build configuration list for PBXNativeTarget "NineAnimator" */ = {
			isa = XCConfigurationList;
			buildConfigurations = (
				2C4ABC6E21B5881F009B4D47 /* Debug */,
				2C4ABC6F21B5881F009B4D47 /* Release */,
			);
			defaultConfigurationIsVisible = 0;
			defaultConfigurationName = Release;
		};
		2C4ABC7021B5881F009B4D47 /* Build configuration list for PBXNativeTarget "NineAnimatorUITests" */ = {
			isa = XCConfigurationList;
			buildConfigurations = (
				2C4ABC7121B5881F009B4D47 /* Debug */,
				2C4ABC7221B5881F009B4D47 /* Release */,
			);
			defaultConfigurationIsVisible = 0;
			defaultConfigurationName = Release;
		};
/* End XCConfigurationList section */
	};
	rootObject = 2C4ABC4821B5881E009B4D47 /* Project object */;
}
