{
  "object": {
    "pins": [
      {
        "package": "Alamofire",
        "repositoryURL": "https://github.com/Alamofire/Alamofire.git",
        "state": {
          "branch": null,
          "revision": "78424be314842833c04bc3bef5b72e85fff99204",
          "version": "5.6.4"
        }
      },
      {
        "package": "AppCenter",
        "repositoryURL": "https://github.com/microsoft/appcenter-sdk-apple.git",
        "state": {
          "branch": null,
          "revision": "f2bcbd9eba88e32d2de9ce9512c4c47eabbf27ca",
          "version": "5.0.2"
        }
      },
      {
        "package": "Socket",
        "repositoryURL": "https://github.com/IBM-Swift/BlueSocket.git",
        "state": {
          "branch": null,
          "revision": "270f7bd2ea9d81878022d604f4f3577ce6c1703d",
          "version": "2.0.3"
        }
      },
      {
        "package": "Kingfisher",
        "repositoryURL": "https://github.com/onevcat/Kingfisher.git",
        "state": {
          "branch": null,
          "revision": "af4be924ad984cf4d16f4ae4df424e79a443d435",
          "version": "7.6.2"
        }
      },
      {
        "package": "OpenCastSwift",
        "repositoryURL": "https://github.com/SuperMarcus/OpenCastSwift.git",
        "state": {
          "branch": null,
          "revision": "0cb71ddaabd1128f5745ff5f37f6af26bea82d36",
          "version": null
        }
      },
      {
        "package": "PLCrashReporter",
        "repositoryURL": "https://github.com/microsoft/PLCrashReporter.git",
        "state": {
          "branch": null,
          "revision": "b1a342da19ed9b3af61ea2efa7656c2af30aeb7c",
          "version": "1.11.0"
        }
      },
      {
        "package": "SwiftProtobuf",
        "repositoryURL": "https://github.com/apple/swift-protobuf",
        "state": {
          "branch": null,
          "revision": "b8230909dedc640294d7324d37f4c91ad3dcf177",
          "version": "1.20.1"
        }
      },
      {
        "package": "SwiftSoup",
        "repositoryURL": "https://github.com/scinfu/SwiftSoup.git",
        "state": {
          "branch": null,
          "revision": "f707b8680cddb96dc1855632340a572ef37bbb98",
          "version": "2.5.3"
        }
      },
      {
        "package": "SwiftyJSON",
        "repositoryURL": "https://github.com/SwiftyJSON/SwiftyJSON",
        "state": {
          "branch": null,
          "revision": "b3dcd7dbd0d488e1a7077cb33b00f2083e382f07",
          "version": "5.0.1"
        }
      },
      {
        "package": "SwordRPC",
        "repositoryURL": "https://github.com/SuperMarcus/SwordRPC",
        "state": {
          "branch": null,
          "revision": "2fdbaff6a8fe6823bf1fce50790e8f7762eaa729",
          "version": null
        }
      },
      {
        "package": "ViewAnimator",
        "repositoryURL": "https://github.com/marcosgriselli/ViewAnimator",
        "state": {
          "branch": null,
          "revision": "55f1c46241b181c3e0b68d70edb6d87926c7d183",
          "version": "3.1.0"
        }
      }
    ]
  },
  "version": 1
}
